
Microsoft Visual Studio Solution File, Format Version 12.00
# Visual Studio Version 16
VisualStudioVersion = 16.0.29926.136
MinimumVisualStudioVersion = 15.0.26124.0
Project("{2150E333-8FDC-42A3-9474-1A3956D46DE8}") = "Equal", "Equal", "{CEF65A32-8562-4C98-AC0E-0D69C1479A6E}"
EndProject
Project("{9A19103F-16F7-4668-BE54-9A1E7A4F7556}") = "CSharp.Equal", "Equal\CSharp.Equal\CSharp.Equal.csproj", "{F74B54A3-E5B6-4668-8F48-7237FE87DD82}"
EndProject
Project("{2150E333-8FDC-42A3-9474-1A3956D46DE8}") = "Task", "Task", "{270DD5A8-2600-4455-BBED-22C68013EDCF}"
EndProject
Project("{2150E333-8FDC-42A3-9474-1A3956D46DE8}") = "Event", "Event", "{BB81F12C-FE70-40CA-A1F5-84186BE42995}"
EndProject
Project("{2150E333-8FDC-42A3-9474-1A3956D46DE8}") = "Delegate", "Delegate", "{6A7C5CD0-F54C-4490-BB44-85AFB7F2612E}"
EndProject
Project("{9A19103F-16F7-4668-BE54-9A1E7A4F7556}") = "Event1", "Event\Event1\Event1.csproj", "{0282B0F0-B020-4E48-9167-EC963D626A7C}"
EndProject
Project("{9A19103F-16F7-4668-BE54-9A1E7A4F7556}") = "Delegate1", "Delegate\Delegate1\Delegate1.csproj", "{A2877DB5-06E4-4063-B59F-9C3E3B234AA6}"
EndProject
Project("{9A19103F-16F7-4668-BE54-9A1E7A4F7556}") = "Task1", "Task\Task1\Task1.csproj", "{83725791-75DF-44F9-89CA-A767EE832835}"
EndProject
Project("{2150E333-8FDC-42A3-9474-1A3956D46DE8}") = "Range", "Range", "{5A6A94B1-D7B7-4ED7-A214-40925A9FFEAA}"
EndProject
Project("{9A19103F-16F7-4668-BE54-9A1E7A4F7556}") = "Range1", "Range\Range1\Range1.csproj", "{069BFE79-E2AC-4ACD-B6F8-95C18DBFB0A1}"
EndProject
Project("{2150E333-8FDC-42A3-9474-1A3956D46DE8}") = "PatternMathing", "PatternMathing", "{56BF2E6C-2F7C-4806-9DC0-9322D7CD5AD7}"
EndProject
Project("{9A19103F-16F7-4668-BE54-9A1E7A4F7556}") = "PatternMathing1", "PatternMathing\PatternMathing1\PatternMathing1.csproj", "{084CB303-7CA1-4A60-83F7-AD682E5B80DA}"
EndProject
Project("{2150E333-8FDC-42A3-9474-1A3956D46DE8}") = "Tuple", "Tuple", "{45CA5552-8BCA-415E-8C66-DD48E6896176}"
EndProject
Project("{9A19103F-16F7-4668-BE54-9A1E7A4F7556}") = "Tuple1", "Tuple\Tuple1\Tuple1.csproj", "{ADC8155A-FF40-4D9C-B414-A9AF82FBE9B0}"
EndProject
Project("{2150E333-8FDC-42A3-9474-1A3956D46DE8}") = "Rx", "Rx", "{7F6ADE63-DCA8-49B8-9F50-D11FD355C868}"
EndProject
Project("{9A19103F-16F7-4668-BE54-9A1E7A4F7556}") = "RxDemo", "Rx\RxDemo\RxDemo.csproj", "{7DC23B75-FB27-4C14-8664-56C258A60B07}"
EndProject
Project("{2150E333-8FDC-42A3-9474-1A3956D46DE8}") = "Decorator", "Decorator", "{C52A4D55-2BD8-4C4E-BCBD-A32DC0659F93}"
EndProject
Project("{9A19103F-16F7-4668-BE54-9A1E7A4F7556}") = "Decorator1", "Decorator1\Decorator1.csproj", "{09CEF81A-4AA9-4236-9E44-FF9677CE0261}"
EndProject
Project("{FAE04EC0-301F-11D3-BF4B-00C04F79EFBC}") = "CSCommon", "CSCommon\CSCommon.csproj", "{F9783180-B8FD-430F-8BE7-A46810A0E1BB}"
EndProject
Global
	GlobalSection(SolutionConfigurationPlatforms) = preSolution
		Debug|Any CPU = Debug|Any CPU
		Debug|x64 = Debug|x64
		Debug|x86 = Debug|x86
		Release|Any CPU = Release|Any CPU
		Release|x64 = Release|x64
		Release|x86 = Release|x86
	EndGlobalSection
	GlobalSection(ProjectConfigurationPlatforms) = postSolution
		{F74B54A3-E5B6-4668-8F48-7237FE87DD82}.Debug|Any CPU.ActiveCfg = Debug|Any CPU
		{F74B54A3-E5B6-4668-8F48-7237FE87DD82}.Debug|Any CPU.Build.0 = Debug|Any CPU
		{F74B54A3-E5B6-4668-8F48-7237FE87DD82}.Debug|x64.ActiveCfg = Debug|Any CPU
		{F74B54A3-E5B6-4668-8F48-7237FE87DD82}.Debug|x64.Build.0 = Debug|Any CPU
		{F74B54A3-E5B6-4668-8F48-7237FE87DD82}.Debug|x86.ActiveCfg = Debug|Any CPU
		{F74B54A3-E5B6-4668-8F48-7237FE87DD82}.Debug|x86.Build.0 = Debug|Any CPU
		{F74B54A3-E5B6-4668-8F48-7237FE87DD82}.Release|Any CPU.ActiveCfg = Release|Any CPU
		{F74B54A3-E5B6-4668-8F48-7237FE87DD82}.Release|Any CPU.Build.0 = Release|Any CPU
		{F74B54A3-E5B6-4668-8F48-7237FE87DD82}.Release|x64.ActiveCfg = Release|Any CPU
		{F74B54A3-E5B6-4668-8F48-7237FE87DD82}.Release|x64.Build.0 = Release|Any CPU
		{F74B54A3-E5B6-4668-8F48-7237FE87DD82}.Release|x86.ActiveCfg = Release|Any CPU
		{F74B54A3-E5B6-4668-8F48-7237FE87DD82}.Release|x86.Build.0 = Release|Any CPU
		{0282B0F0-B020-4E48-9167-EC963D626A7C}.Debug|Any CPU.ActiveCfg = Debug|Any CPU
		{0282B0F0-B020-4E48-9167-EC963D626A7C}.Debug|Any CPU.Build.0 = Debug|Any CPU
		{0282B0F0-B020-4E48-9167-EC963D626A7C}.Debug|x64.ActiveCfg = Debug|Any CPU
		{0282B0F0-B020-4E48-9167-EC963D626A7C}.Debug|x64.Build.0 = Debug|Any CPU
		{0282B0F0-B020-4E48-9167-EC963D626A7C}.Debug|x86.ActiveCfg = Debug|Any CPU
		{0282B0F0-B020-4E48-9167-EC963D626A7C}.Debug|x86.Build.0 = Debug|Any CPU
		{0282B0F0-B020-4E48-9167-EC963D626A7C}.Release|Any CPU.ActiveCfg = Release|Any CPU
		{0282B0F0-B020-4E48-9167-EC963D626A7C}.Release|Any CPU.Build.0 = Release|Any CPU
		{0282B0F0-B020-4E48-9167-EC963D626A7C}.Release|x64.ActiveCfg = Release|Any CPU
		{0282B0F0-B020-4E48-9167-EC963D626A7C}.Release|x64.Build.0 = Release|Any CPU
		{0282B0F0-B020-4E48-9167-EC963D626A7C}.Release|x86.ActiveCfg = Release|Any CPU
		{0282B0F0-B020-4E48-9167-EC963D626A7C}.Release|x86.Build.0 = Release|Any CPU
		{A2877DB5-06E4-4063-B59F-9C3E3B234AA6}.Debug|Any CPU.ActiveCfg = Debug|Any CPU
		{A2877DB5-06E4-4063-B59F-9C3E3B234AA6}.Debug|Any CPU.Build.0 = Debug|Any CPU
		{A2877DB5-06E4-4063-B59F-9C3E3B234AA6}.Debug|x64.ActiveCfg = Debug|Any CPU
		{A2877DB5-06E4-4063-B59F-9C3E3B234AA6}.Debug|x64.Build.0 = Debug|Any CPU
		{A2877DB5-06E4-4063-B59F-9C3E3B234AA6}.Debug|x86.ActiveCfg = Debug|Any CPU
		{A2877DB5-06E4-4063-B59F-9C3E3B234AA6}.Debug|x86.Build.0 = Debug|Any CPU
		{A2877DB5-06E4-4063-B59F-9C3E3B234AA6}.Release|Any CPU.ActiveCfg = Release|Any CPU
		{A2877DB5-06E4-4063-B59F-9C3E3B234AA6}.Release|Any CPU.Build.0 = Release|Any CPU
		{A2877DB5-06E4-4063-B59F-9C3E3B234AA6}.Release|x64.ActiveCfg = Release|Any CPU
		{A2877DB5-06E4-4063-B59F-9C3E3B234AA6}.Release|x64.Build.0 = Release|Any CPU
		{A2877DB5-06E4-4063-B59F-9C3E3B234AA6}.Release|x86.ActiveCfg = Release|Any CPU
		{A2877DB5-06E4-4063-B59F-9C3E3B234AA6}.Release|x86.Build.0 = Release|Any CPU
		{83725791-75DF-44F9-89CA-A767EE832835}.Debug|Any CPU.ActiveCfg = Debug|Any CPU
		{83725791-75DF-44F9-89CA-A767EE832835}.Debug|Any CPU.Build.0 = Debug|Any CPU
		{83725791-75DF-44F9-89CA-A767EE832835}.Debug|x64.ActiveCfg = Debug|Any CPU
		{83725791-75DF-44F9-89CA-A767EE832835}.Debug|x64.Build.0 = Debug|Any CPU
		{83725791-75DF-44F9-89CA-A767EE832835}.Debug|x86.ActiveCfg = Debug|Any CPU
		{83725791-75DF-44F9-89CA-A767EE832835}.Debug|x86.Build.0 = Debug|Any CPU
		{83725791-75DF-44F9-89CA-A767EE832835}.Release|Any CPU.ActiveCfg = Release|Any CPU
		{83725791-75DF-44F9-89CA-A767EE832835}.Release|Any CPU.Build.0 = Release|Any CPU
		{83725791-75DF-44F9-89CA-A767EE832835}.Release|x64.ActiveCfg = Release|Any CPU
		{83725791-75DF-44F9-89CA-A767EE832835}.Release|x64.Build.0 = Release|Any CPU
		{83725791-75DF-44F9-89CA-A767EE832835}.Release|x86.ActiveCfg = Release|Any CPU
		{83725791-75DF-44F9-89CA-A767EE832835}.Release|x86.Build.0 = Release|Any CPU
		{069BFE79-E2AC-4ACD-B6F8-95C18DBFB0A1}.Debug|Any CPU.ActiveCfg = Debug|Any CPU
		{069BFE79-E2AC-4ACD-B6F8-95C18DBFB0A1}.Debug|Any CPU.Build.0 = Debug|Any CPU
		{069BFE79-E2AC-4ACD-B6F8-95C18DBFB0A1}.Debug|x64.ActiveCfg = Debug|Any CPU
		{069BFE79-E2AC-4ACD-B6F8-95C18DBFB0A1}.Debug|x64.Build.0 = Debug|Any CPU
		{069BFE79-E2AC-4ACD-B6F8-95C18DBFB0A1}.Debug|x86.ActiveCfg = Debug|Any CPU
		{069BFE79-E2AC-4ACD-B6F8-95C18DBFB0A1}.Debug|x86.Build.0 = Debug|Any CPU
		{069BFE79-E2AC-4ACD-B6F8-95C18DBFB0A1}.Release|Any CPU.ActiveCfg = Release|Any CPU
		{069BFE79-E2AC-4ACD-B6F8-95C18DBFB0A1}.Release|Any CPU.Build.0 = Release|Any CPU
		{069BFE79-E2AC-4ACD-B6F8-95C18DBFB0A1}.Release|x64.ActiveCfg = Release|Any CPU
		{069BFE79-E2AC-4ACD-B6F8-95C18DBFB0A1}.Release|x64.Build.0 = Release|Any CPU
		{069BFE79-E2AC-4ACD-B6F8-95C18DBFB0A1}.Release|x86.ActiveCfg = Release|Any CPU
		{069BFE79-E2AC-4ACD-B6F8-95C18DBFB0A1}.Release|x86.Build.0 = Release|Any CPU
		{084CB303-7CA1-4A60-83F7-AD682E5B80DA}.Debug|Any CPU.ActiveCfg = Debug|Any CPU
		{084CB303-7CA1-4A60-83F7-AD682E5B80DA}.Debug|Any CPU.Build.0 = Debug|Any CPU
		{084CB303-7CA1-4A60-83F7-AD682E5B80DA}.Debug|x64.ActiveCfg = Debug|Any CPU
		{084CB303-7CA1-4A60-83F7-AD682E5B80DA}.Debug|x64.Build.0 = Debug|Any CPU
		{084CB303-7CA1-4A60-83F7-AD682E5B80DA}.Debug|x86.ActiveCfg = Debug|Any CPU
		{084CB303-7CA1-4A60-83F7-AD682E5B80DA}.Debug|x86.Build.0 = Debug|Any CPU
		{084CB303-7CA1-4A60-83F7-AD682E5B80DA}.Release|Any CPU.ActiveCfg = Release|Any CPU
		{084CB303-7CA1-4A60-83F7-AD682E5B80DA}.Release|Any CPU.Build.0 = Release|Any CPU
		{084CB303-7CA1-4A60-83F7-AD682E5B80DA}.Release|x64.ActiveCfg = Release|Any CPU
		{084CB303-7CA1-4A60-83F7-AD682E5B80DA}.Release|x64.Build.0 = Release|Any CPU
		{084CB303-7CA1-4A60-83F7-AD682E5B80DA}.Release|x86.ActiveCfg = Release|Any CPU
		{084CB303-7CA1-4A60-83F7-AD682E5B80DA}.Release|x86.Build.0 = Release|Any CPU
		{ADC8155A-FF40-4D9C-B414-A9AF82FBE9B0}.Debug|Any CPU.ActiveCfg = Debug|Any CPU
		{ADC8155A-FF40-4D9C-B414-A9AF82FBE9B0}.Debug|Any CPU.Build.0 = Debug|Any CPU
		{ADC8155A-FF40-4D9C-B414-A9AF82FBE9B0}.Debug|x64.ActiveCfg = Debug|Any CPU
		{ADC8155A-FF40-4D9C-B414-A9AF82FBE9B0}.Debug|x64.Build.0 = Debug|Any CPU
		{ADC8155A-FF40-4D9C-B414-A9AF82FBE9B0}.Debug|x86.ActiveCfg = Debug|Any CPU
		{ADC8155A-FF40-4D9C-B414-A9AF82FBE9B0}.Debug|x86.Build.0 = Debug|Any CPU
		{ADC8155A-FF40-4D9C-B414-A9AF82FBE9B0}.Release|Any CPU.ActiveCfg = Release|Any CPU
		{ADC8155A-FF40-4D9C-B414-A9AF82FBE9B0}.Release|Any CPU.Build.0 = Release|Any CPU
		{ADC8155A-FF40-4D9C-B414-A9AF82FBE9B0}.Release|x64.ActiveCfg = Release|Any CPU
		{ADC8155A-FF40-4D9C-B414-A9AF82FBE9B0}.Release|x64.Build.0 = Release|Any CPU
		{ADC8155A-FF40-4D9C-B414-A9AF82FBE9B0}.Release|x86.ActiveCfg = Release|Any CPU
		{ADC8155A-FF40-4D9C-B414-A9AF82FBE9B0}.Release|x86.Build.0 = Release|Any CPU
		{7DC23B75-FB27-4C14-8664-56C258A60B07}.Debug|Any CPU.ActiveCfg = Debug|Any CPU
		{7DC23B75-FB27-4C14-8664-56C258A60B07}.Debug|Any CPU.Build.0 = Debug|Any CPU
		{7DC23B75-FB27-4C14-8664-56C258A60B07}.Debug|x64.ActiveCfg = Debug|Any CPU
		{7DC23B75-FB27-4C14-8664-56C258A60B07}.Debug|x64.Build.0 = Debug|Any CPU
		{7DC23B75-FB27-4C14-8664-56C258A60B07}.Debug|x86.ActiveCfg = Debug|Any CPU
		{7DC23B75-FB27-4C14-8664-56C258A60B07}.Debug|x86.Build.0 = Debug|Any CPU
		{7DC23B75-FB27-4C14-8664-56C258A60B07}.Release|Any CPU.ActiveCfg = Release|Any CPU
		{7DC23B75-FB27-4C14-8664-56C258A60B07}.Release|Any CPU.Build.0 = Release|Any CPU
		{7DC23B75-FB27-4C14-8664-56C258A60B07}.Release|x64.ActiveCfg = Release|Any CPU
		{7DC23B75-FB27-4C14-8664-56C258A60B07}.Release|x64.Build.0 = Release|Any CPU
		{7DC23B75-FB27-4C14-8664-56C258A60B07}.Release|x86.ActiveCfg = Release|Any CPU
		{7DC23B75-FB27-4C14-8664-56C258A60B07}.Release|x86.Build.0 = Release|Any CPU
		{09CEF81A-4AA9-4236-9E44-FF9677CE0261}.Debug|Any CPU.ActiveCfg = Debug|Any CPU
		{09CEF81A-4AA9-4236-9E44-FF9677CE0261}.Debug|Any CPU.Build.0 = Debug|Any CPU
		{09CEF81A-4AA9-4236-9E44-FF9677CE0261}.Debug|x64.ActiveCfg = Debug|Any CPU
		{09CEF81A-4AA9-4236-9E44-FF9677CE0261}.Debug|x64.Build.0 = Debug|Any CPU
		{09CEF81A-4AA9-4236-9E44-FF9677CE0261}.Debug|x86.ActiveCfg = Debug|Any CPU
		{09CEF81A-4AA9-4236-9E44-FF9677CE0261}.Debug|x86.Build.0 = Debug|Any CPU
		{09CEF81A-4AA9-4236-9E44-FF9677CE0261}.Release|Any CPU.ActiveCfg = Release|Any CPU
		{09CEF81A-4AA9-4236-9E44-FF9677CE0261}.Release|Any CPU.Build.0 = Release|Any CPU
		{09CEF81A-4AA9-4236-9E44-FF9677CE0261}.Release|x64.ActiveCfg = Release|Any CPU
		{09CEF81A-4AA9-4236-9E44-FF9677CE0261}.Release|x64.Build.0 = Release|Any CPU
		{09CEF81A-4AA9-4236-9E44-FF9677CE0261}.Release|x86.ActiveCfg = Release|Any CPU
		{09CEF81A-4AA9-4236-9E44-FF9677CE0261}.Release|x86.Build.0 = Release|Any CPU
		{F9783180-B8FD-430F-8BE7-A46810A0E1BB}.Debug|Any CPU.ActiveCfg = Debug|Any CPU
		{F9783180-B8FD-430F-8BE7-A46810A0E1BB}.Debug|Any CPU.Build.0 = Debug|Any CPU
		{F9783180-B8FD-430F-8BE7-A46810A0E1BB}.Debug|x64.ActiveCfg = Debug|Any CPU
		{F9783180-B8FD-430F-8BE7-A46810A0E1BB}.Debug|x64.Build.0 = Debug|Any CPU
		{F9783180-B8FD-430F-8BE7-A46810A0E1BB}.Debug|x86.ActiveCfg = Debug|Any CPU
		{F9783180-B8FD-430F-8BE7-A46810A0E1BB}.Debug|x86.Build.0 = Debug|Any CPU
		{F9783180-B8FD-430F-8BE7-A46810A0E1BB}.Release|Any CPU.ActiveCfg = Release|Any CPU
		{F9783180-B8FD-430F-8BE7-A46810A0E1BB}.Release|Any CPU.Build.0 = Release|Any CPU
		{F9783180-B8FD-430F-8BE7-A46810A0E1BB}.Release|x64.ActiveCfg = Release|Any CPU
		{F9783180-B8FD-430F-8BE7-A46810A0E1BB}.Release|x64.Build.0 = Release|Any CPU
		{F9783180-B8FD-430F-8BE7-A46810A0E1BB}.Release|x86.ActiveCfg = Release|Any CPU
		{F9783180-B8FD-430F-8BE7-A46810A0E1BB}.Release|x86.Build.0 = Release|Any CPU
	EndGlobalSection
	GlobalSection(SolutionProperties) = preSolution
		HideSolutionNode = FALSE
	EndGlobalSection
	GlobalSection(NestedProjects) = preSolution
		{F74B54A3-E5B6-4668-8F48-7237FE87DD82} = {CEF65A32-8562-4C98-AC0E-0D69C1479A6E}
		{0282B0F0-B020-4E48-9167-EC963D626A7C} = {BB81F12C-FE70-40CA-A1F5-84186BE42995}
		{A2877DB5-06E4-4063-B59F-9C3E3B234AA6} = {6A7C5CD0-F54C-4490-BB44-85AFB7F2612E}
		{83725791-75DF-44F9-89CA-A767EE832835} = {270DD5A8-2600-4455-BBED-22C68013EDCF}
		{069BFE79-E2AC-4ACD-B6F8-95C18DBFB0A1} = {5A6A94B1-D7B7-4ED7-A214-40925A9FFEAA}
		{084CB303-7CA1-4A60-83F7-AD682E5B80DA} = {56BF2E6C-2F7C-4806-9DC0-9322D7CD5AD7}
		{ADC8155A-FF40-4D9C-B414-A9AF82FBE9B0} = {45CA5552-8BCA-415E-8C66-DD48E6896176}
		{7DC23B75-FB27-4C14-8664-56C258A60B07} = {7F6ADE63-DCA8-49B8-9F50-D11FD355C868}
		{09CEF81A-4AA9-4236-9E44-FF9677CE0261} = {C52A4D55-2BD8-4C4E-BCBD-A32DC0659F93}
	EndGlobalSection
	GlobalSection(ExtensibilityGlobals) = postSolution
		SolutionGuid = {E3BC9A02-ACE7-4A41-9FBA-F8B8FF3B067D}
	EndGlobalSection
EndGlobal
