
Microsoft Visual Studio Solution File, Format Version 12.00
# Visual Studio Version 16
VisualStudioVersion = 16.0.29424.173
MinimumVisualStudioVersion = 10.0.40219.1
Project("{9A19103F-16F7-4668-BE54-9A1E7A4F7556}") = "WebClient", "Client\WebClient\WebClient.csproj", "{52AC433C-1EB7-402A-A440-B422D50979F8}"
EndProject
Project("{9A19103F-16F7-4668-BE54-9A1E7A4F7556}") = "EmitLog", "RabbitMQ\EmitLog\EmitLog.csproj", "{D246926A-8BF4-4753-9A6E-1F4E353759C7}"
EndProject
Project("{9A19103F-16F7-4668-BE54-9A1E7A4F7556}") = "EmitLogDirect", "RabbitMQ\EmitLogDirect\EmitLogDirect.csproj", "{A4346CDE-C7D2-47CE-BB38-B603C26A3267}"
EndProject
Project("{9A19103F-16F7-4668-BE54-9A1E7A4F7556}") = "EmitLogTopic", "RabbitMQ\EmitLogTopic\EmitLogTopic.csproj", "{D47F2A73-2279-4555-ADE4-0DF52960E96A}"
EndProject
Project("{9A19103F-16F7-4668-BE54-9A1E7A4F7556}") = "NewTask", "RabbitMQ\NewTask\NewTask.csproj", "{FF41893C-E61A-408E-B92F-0D86F6BEDC33}"
EndProject
Project("{9A19103F-16F7-4668-BE54-9A1E7A4F7556}") = "Receive", "RabbitMQ\Receive\Receive.csproj", "{32B97D7C-CCC3-410F-A787-EEC214E69F5E}"
EndProject
Project("{9A19103F-16F7-4668-BE54-9A1E7A4F7556}") = "ReceiveLogs", "RabbitMQ\ReceiveLogs\ReceiveLogs.csproj", "{CCD45533-E4CE-4275-BCD5-B5EE64CAACED}"
EndProject
Project("{9A19103F-16F7-4668-BE54-9A1E7A4F7556}") = "ReceiveLogsDirect", "RabbitMQ\ReceiveLogsDirect\ReceiveLogsDirect.csproj", "{64337ABC-E3E9-4310-8FA2-D7AB2BB9DEA6}"
EndProject
Project("{9A19103F-16F7-4668-BE54-9A1E7A4F7556}") = "ReceiveLogsTopic", "RabbitMQ\ReceiveLogsTopic\ReceiveLogsTopic.csproj", "{182CE1FB-F511-4F95-91F7-6901046D83ED}"
EndProject
Project("{9A19103F-16F7-4668-BE54-9A1E7A4F7556}") = "RPCClient", "RabbitMQ\RPCClient\RPCClient.csproj", "{3625481D-82A5-4965-B0BC-650A7A12A9DA}"
EndProject
Project("{9A19103F-16F7-4668-BE54-9A1E7A4F7556}") = "RPCServer", "RabbitMQ\RPCServer\RPCServer.csproj", "{958DAED9-745A-40CA-AA9A-D5DFB2E73171}"
EndProject
Project("{9A19103F-16F7-4668-BE54-9A1E7A4F7556}") = "Send", "RabbitMQ\Send\Send.csproj", "{8240D2AB-273F-4AB9-9F29-445473E36D7F}"
EndProject
Project("{9A19103F-16F7-4668-BE54-9A1E7A4F7556}") = "Worker", "RabbitMQ\Worker\Worker.csproj", "{F884F0A7-A538-4217-9CBF-8386EEAE7179}"
EndProject
Project("{2150E333-8FDC-42A3-9474-1A3956D46DE8}") = "RabbitMQ", "RabbitMQ", "{A4C7D91B-BC3B-46A9-A602-D0F36BD4EF1A}"
EndProject
Project("{2150E333-8FDC-42A3-9474-1A3956D46DE8}") = "Client", "Client", "{888F6DCF-E532-4F79-8B9F-018053DE222A}"
EndProject
Project("{2150E333-8FDC-42A3-9474-1A3956D46DE8}") = "t1", "t1", "{13146127-CCDB-4558-92C7-FE6D195A09E1}"
EndProject
Project("{2150E333-8FDC-42A3-9474-1A3956D46DE8}") = "t2", "t2", "{2A8A367A-BCC9-45A0-AE73-CC0B06DBDA3B}"
EndProject
Project("{2150E333-8FDC-42A3-9474-1A3956D46DE8}") = "t3", "t3", "{AEB4D3D9-A058-4690-AA71-D42E8E4B836E}"
EndProject
Project("{2150E333-8FDC-42A3-9474-1A3956D46DE8}") = "t4", "t4", "{1C14F488-5A77-4A2B-91C3-BE6FC8C442AA}"
EndProject
Project("{2150E333-8FDC-42A3-9474-1A3956D46DE8}") = "t5", "t5", "{A44C926E-880B-4C01-8DB6-C07C5098A3CE}"
EndProject
Project("{2150E333-8FDC-42A3-9474-1A3956D46DE8}") = "t6", "t6", "{3C2185D6-7499-4B32-916E-A3D93A74265F}"
EndProject
Project("{2150E333-8FDC-42A3-9474-1A3956D46DE8}") = "Doc", "Doc", "{8C6A576D-B9E4-443B-9338-B881D582993C}"
	ProjectSection(SolutionItems) = preProject
		README.md = README.md
	EndProjectSection
EndProject
Project("{2150E333-8FDC-42A3-9474-1A3956D46DE8}") = "Unit", "Unit", "{33995E2D-0AFD-4574-AB7B-831B7FFEC174}"
EndProject
Project("{2150E333-8FDC-42A3-9474-1A3956D46DE8}") = "xUnit", "xUnit", "{F31846DB-0AC0-45C5-BF14-A6EFA8998CD3}"
EndProject
Project("{2150E333-8FDC-42A3-9474-1A3956D46DE8}") = "xUnit", "xUnit", "{234208B8-C30E-46E0-A5BD-A16FF348D240}"
EndProject
Project("{9A19103F-16F7-4668-BE54-9A1E7A4F7556}") = "testApi", "Unit\testApi\testApi.csproj", "{99A259F3-0AA0-4037-9265-B63AFCD433DA}"
EndProject
Project("{9A19103F-16F7-4668-BE54-9A1E7A4F7556}") = "XUnitTestProject", "Unit\XUnitTestProject\XUnitTestProject.csproj", "{19144108-C72F-4920-BE5A-D7525E71A885}"
EndProject
Project("{2150E333-8FDC-42A3-9474-1A3956D46DE8}") = "ABP", "ABP", "{7C9CCC5A-15C6-4149-9F80-9FF6A8C6421E}"
EndProject
Project("{2150E333-8FDC-42A3-9474-1A3956D46DE8}") = "MQDemo", "MQDemo", "{8E03BAD6-F9F7-4294-A325-47A1BE41B9D1}"
EndProject
Project("{9A19103F-16F7-4668-BE54-9A1E7A4F7556}") = "MQTest", "MQTest\MQTest.csproj", "{FB46815B-53F1-4A4C-A72B-7D0CC1DB941E}"
EndProject
Project("{2150E333-8FDC-42A3-9474-1A3956D46DE8}") = "t0", "t0", "{FA700139-2717-4A90-A78E-EA881B5E9F63}"
EndProject
Project("{9A19103F-16F7-4668-BE54-9A1E7A4F7556}") = "sendMQ", "sendMQ\sendMQ.csproj", "{051C1957-6EFC-4668-8A09-D7199D37A0AE}"
EndProject
Project("{9A19103F-16F7-4668-BE54-9A1E7A4F7556}") = "ReceiveMQ", "ReceiveMQ\ReceiveMQ.csproj", "{E24967F0-5D9F-406A-BC6D-EDB8D929C2FD}"
EndProject
Project("{2150E333-8FDC-42A3-9474-1A3956D46DE8}") = "EasyNetQ", "EasyNetQ", "{976947D6-5E97-4FF9-8714-62AA32431945}"
EndProject
Project("{9A19103F-16F7-4668-BE54-9A1E7A4F7556}") = "Messages", "RabbitMQ\Messages\Messages.csproj", "{EC44E232-20B7-44FE-B207-ACAAB1516227}"
EndProject
Project("{9A19103F-16F7-4668-BE54-9A1E7A4F7556}") = "Publisher", "RabbitMQ\Publisher\Publisher.csproj", "{A6EEC04A-6B76-483E-A2E5-36A43D7423D8}"
EndProject
Project("{9A19103F-16F7-4668-BE54-9A1E7A4F7556}") = "Subscribe", "RabbitMQ\Subscribe\Subscribe.csproj", "{352F791F-7894-4CAC-8668-3E59D3B77896}"
EndProject
Project("{2150E333-8FDC-42A3-9474-1A3956D46DE8}") = "Test", "Test", "{D217B693-9BC6-49C7-80B9-2A69299AF866}"
EndProject
Project("{2150E333-8FDC-42A3-9474-1A3956D46DE8}") = "AOP", "AOP", "{98DF75C6-67D1-476B-B213-E8521B9D682A}"
EndProject
Project("{9A19103F-16F7-4668-BE54-9A1E7A4F7556}") = "aop1", "AOP\aop1\aop1.csproj", "{E46141A3-65FE-422D-96AE-B0501F7D3DB8}"
EndProject
Project("{2150E333-8FDC-42A3-9474-1A3956D46DE8}") = "Redis", "Redis", "{B3BD9D6E-875D-479C-8129-016C851D7F02}"
EndProject
Project("{9A19103F-16F7-4668-BE54-9A1E7A4F7556}") = "webRedisCache", "Redis\webRedisCache\webRedisCache.csproj", "{7354B321-9823-4992-9486-D768295FF3D7}"
EndProject
Project("{2150E333-8FDC-42A3-9474-1A3956D46DE8}") = "Reflection", "Reflection", "{445F1886-8AC4-4BD2-95E2-2500D0A0815F}"
EndProject
Project("{9A19103F-16F7-4668-BE54-9A1E7A4F7556}") = "Reflection1", "Reflection\Reflection1\Reflection1.csproj", "{47C7A190-E6AB-4B8C-9BF0-B89E1C59FEA1}"
EndProject
Project("{2150E333-8FDC-42A3-9474-1A3956D46DE8}") = "Linq", "Linq", "{9543DE73-7C5B-4F3A-8D72-3264BDF88D54}"
EndProject
Project("{9A19103F-16F7-4668-BE54-9A1E7A4F7556}") = "linq1", "Linq\linq1\linq1.csproj", "{9CFCDB58-255A-487D-903D-204067E51BAA}"
EndProject
Project("{2150E333-8FDC-42A3-9474-1A3956D46DE8}") = "DeadLetter", "DeadLetter", "{6192F265-6337-4862-A081-F3FF7C09DB81}"
EndProject
Project("{9A19103F-16F7-4668-BE54-9A1E7A4F7556}") = "producer", "RabbitMQ\DeadLetter\producer\producer.csproj", "{4B3C0895-B705-4772-ABE4-D82BCF25EA84}"
EndProject
Project("{9A19103F-16F7-4668-BE54-9A1E7A4F7556}") = "Receiver", "RabbitMQ\MQDemo\Receiver\Receiver.csproj", "{894A264B-BB53-48E8-A157-8E24CB03878A}"
EndProject
Project("{9A19103F-16F7-4668-BE54-9A1E7A4F7556}") = "MQUtil", "RabbitMQ\MQDemo\MQUtil\MQUtil.csproj", "{32854709-792F-4FCC-AC69-C58136814178}"
EndProject
Project("{9A19103F-16F7-4668-BE54-9A1E7A4F7556}") = "MQProducer", "RabbitMQ\MQDemo\MQProducer\MQProducer.csproj", "{CD0857C9-6982-43A5-9B9A-9E5F6B12EB13}"
EndProject
Project("{FAE04EC0-301F-11D3-BF4B-00C04F79EFBC}") = "EasyNetqMyConventions", "RabbitMQ\EasyNetQ\EasyNetqMyConventions\EasyNetqMyConventions.csproj", "{785F08A1-A3B3-4F98-A785-BB847E24C2AD}"
EndProject
Global
	GlobalSection(SolutionConfigurationPlatforms) = preSolution
		Debug|Any CPU = Debug|Any CPU
		Release|Any CPU = Release|Any CPU
	EndGlobalSection
	GlobalSection(ProjectConfigurationPlatforms) = postSolution
		{52AC433C-1EB7-402A-A440-B422D50979F8}.Debug|Any CPU.ActiveCfg = Debug|Any CPU
		{52AC433C-1EB7-402A-A440-B422D50979F8}.Debug|Any CPU.Build.0 = Debug|Any CPU
		{52AC433C-1EB7-402A-A440-B422D50979F8}.Release|Any CPU.ActiveCfg = Release|Any CPU
		{52AC433C-1EB7-402A-A440-B422D50979F8}.Release|Any CPU.Build.0 = Release|Any CPU
		{D246926A-8BF4-4753-9A6E-1F4E353759C7}.Debug|Any CPU.ActiveCfg = Debug|Any CPU
		{D246926A-8BF4-4753-9A6E-1F4E353759C7}.Debug|Any CPU.Build.0 = Debug|Any CPU
		{D246926A-8BF4-4753-9A6E-1F4E353759C7}.Release|Any CPU.ActiveCfg = Release|Any CPU
		{D246926A-8BF4-4753-9A6E-1F4E353759C7}.Release|Any CPU.Build.0 = Release|Any CPU
		{A4346CDE-C7D2-47CE-BB38-B603C26A3267}.Debug|Any CPU.ActiveCfg = Debug|Any CPU
		{A4346CDE-C7D2-47CE-BB38-B603C26A3267}.Debug|Any CPU.Build.0 = Debug|Any CPU
		{A4346CDE-C7D2-47CE-BB38-B603C26A3267}.Release|Any CPU.ActiveCfg = Release|Any CPU
		{A4346CDE-C7D2-47CE-BB38-B603C26A3267}.Release|Any CPU.Build.0 = Release|Any CPU
		{D47F2A73-2279-4555-ADE4-0DF52960E96A}.Debug|Any CPU.ActiveCfg = Debug|Any CPU
		{D47F2A73-2279-4555-ADE4-0DF52960E96A}.Debug|Any CPU.Build.0 = Debug|Any CPU
		{D47F2A73-2279-4555-ADE4-0DF52960E96A}.Release|Any CPU.ActiveCfg = Release|Any CPU
		{D47F2A73-2279-4555-ADE4-0DF52960E96A}.Release|Any CPU.Build.0 = Release|Any CPU
		{FF41893C-E61A-408E-B92F-0D86F6BEDC33}.Debug|Any CPU.ActiveCfg = Debug|Any CPU
		{FF41893C-E61A-408E-B92F-0D86F6BEDC33}.Debug|Any CPU.Build.0 = Debug|Any CPU
		{FF41893C-E61A-408E-B92F-0D86F6BEDC33}.Release|Any CPU.ActiveCfg = Release|Any CPU
		{FF41893C-E61A-408E-B92F-0D86F6BEDC33}.Release|Any CPU.Build.0 = Release|Any CPU
		{32B97D7C-CCC3-410F-A787-EEC214E69F5E}.Debug|Any CPU.ActiveCfg = Debug|Any CPU
		{32B97D7C-CCC3-410F-A787-EEC214E69F5E}.Debug|Any CPU.Build.0 = Debug|Any CPU
		{32B97D7C-CCC3-410F-A787-EEC214E69F5E}.Release|Any CPU.ActiveCfg = Release|Any CPU
		{32B97D7C-CCC3-410F-A787-EEC214E69F5E}.Release|Any CPU.Build.0 = Release|Any CPU
		{CCD45533-E4CE-4275-BCD5-B5EE64CAACED}.Debug|Any CPU.ActiveCfg = Debug|Any CPU
		{CCD45533-E4CE-4275-BCD5-B5EE64CAACED}.Debug|Any CPU.Build.0 = Debug|Any CPU
		{CCD45533-E4CE-4275-BCD5-B5EE64CAACED}.Release|Any CPU.ActiveCfg = Release|Any CPU
		{CCD45533-E4CE-4275-BCD5-B5EE64CAACED}.Release|Any CPU.Build.0 = Release|Any CPU
		{64337ABC-E3E9-4310-8FA2-D7AB2BB9DEA6}.Debug|Any CPU.ActiveCfg = Debug|Any CPU
		{64337ABC-E3E9-4310-8FA2-D7AB2BB9DEA6}.Debug|Any CPU.Build.0 = Debug|Any CPU
		{64337ABC-E3E9-4310-8FA2-D7AB2BB9DEA6}.Release|Any CPU.ActiveCfg = Release|Any CPU
		{64337ABC-E3E9-4310-8FA2-D7AB2BB9DEA6}.Release|Any CPU.Build.0 = Release|Any CPU
		{182CE1FB-F511-4F95-91F7-6901046D83ED}.Debug|Any CPU.ActiveCfg = Debug|Any CPU
		{182CE1FB-F511-4F95-91F7-6901046D83ED}.Debug|Any CPU.Build.0 = Debug|Any CPU
		{182CE1FB-F511-4F95-91F7-6901046D83ED}.Release|Any CPU.ActiveCfg = Release|Any CPU
		{182CE1FB-F511-4F95-91F7-6901046D83ED}.Release|Any CPU.Build.0 = Release|Any CPU
		{3625481D-82A5-4965-B0BC-650A7A12A9DA}.Debug|Any CPU.ActiveCfg = Debug|Any CPU
		{3625481D-82A5-4965-B0BC-650A7A12A9DA}.Debug|Any CPU.Build.0 = Debug|Any CPU
		{3625481D-82A5-4965-B0BC-650A7A12A9DA}.Release|Any CPU.ActiveCfg = Release|Any CPU
		{3625481D-82A5-4965-B0BC-650A7A12A9DA}.Release|Any CPU.Build.0 = Release|Any CPU
		{958DAED9-745A-40CA-AA9A-D5DFB2E73171}.Debug|Any CPU.ActiveCfg = Debug|Any CPU
		{958DAED9-745A-40CA-AA9A-D5DFB2E73171}.Debug|Any CPU.Build.0 = Debug|Any CPU
		{958DAED9-745A-40CA-AA9A-D5DFB2E73171}.Release|Any CPU.ActiveCfg = Release|Any CPU
		{958DAED9-745A-40CA-AA9A-D5DFB2E73171}.Release|Any CPU.Build.0 = Release|Any CPU
		{8240D2AB-273F-4AB9-9F29-445473E36D7F}.Debug|Any CPU.ActiveCfg = Debug|Any CPU
		{8240D2AB-273F-4AB9-9F29-445473E36D7F}.Debug|Any CPU.Build.0 = Debug|Any CPU
		{8240D2AB-273F-4AB9-9F29-445473E36D7F}.Release|Any CPU.ActiveCfg = Release|Any CPU
		{8240D2AB-273F-4AB9-9F29-445473E36D7F}.Release|Any CPU.Build.0 = Release|Any CPU
		{F884F0A7-A538-4217-9CBF-8386EEAE7179}.Debug|Any CPU.ActiveCfg = Debug|Any CPU
		{F884F0A7-A538-4217-9CBF-8386EEAE7179}.Debug|Any CPU.Build.0 = Debug|Any CPU
		{F884F0A7-A538-4217-9CBF-8386EEAE7179}.Release|Any CPU.ActiveCfg = Release|Any CPU
		{F884F0A7-A538-4217-9CBF-8386EEAE7179}.Release|Any CPU.Build.0 = Release|Any CPU
		{99A259F3-0AA0-4037-9265-B63AFCD433DA}.Debug|Any CPU.ActiveCfg = Debug|Any CPU
		{99A259F3-0AA0-4037-9265-B63AFCD433DA}.Debug|Any CPU.Build.0 = Debug|Any CPU
		{99A259F3-0AA0-4037-9265-B63AFCD433DA}.Release|Any CPU.ActiveCfg = Release|Any CPU
		{99A259F3-0AA0-4037-9265-B63AFCD433DA}.Release|Any CPU.Build.0 = Release|Any CPU
		{19144108-C72F-4920-BE5A-D7525E71A885}.Debug|Any CPU.ActiveCfg = Debug|Any CPU
		{19144108-C72F-4920-BE5A-D7525E71A885}.Debug|Any CPU.Build.0 = Debug|Any CPU
		{19144108-C72F-4920-BE5A-D7525E71A885}.Release|Any CPU.ActiveCfg = Release|Any CPU
		{19144108-C72F-4920-BE5A-D7525E71A885}.Release|Any CPU.Build.0 = Release|Any CPU
		{FB46815B-53F1-4A4C-A72B-7D0CC1DB941E}.Debug|Any CPU.ActiveCfg = Debug|Any CPU
		{FB46815B-53F1-4A4C-A72B-7D0CC1DB941E}.Debug|Any CPU.Build.0 = Debug|Any CPU
		{FB46815B-53F1-4A4C-A72B-7D0CC1DB941E}.Release|Any CPU.ActiveCfg = Release|Any CPU
		{FB46815B-53F1-4A4C-A72B-7D0CC1DB941E}.Release|Any CPU.Build.0 = Release|Any CPU
		{051C1957-6EFC-4668-8A09-D7199D37A0AE}.Debug|Any CPU.ActiveCfg = Debug|Any CPU
		{051C1957-6EFC-4668-8A09-D7199D37A0AE}.Debug|Any CPU.Build.0 = Debug|Any CPU
		{051C1957-6EFC-4668-8A09-D7199D37A0AE}.Release|Any CPU.ActiveCfg = Release|Any CPU
		{051C1957-6EFC-4668-8A09-D7199D37A0AE}.Release|Any CPU.Build.0 = Release|Any CPU
		{E24967F0-5D9F-406A-BC6D-EDB8D929C2FD}.Debug|Any CPU.ActiveCfg = Debug|Any CPU
		{E24967F0-5D9F-406A-BC6D-EDB8D929C2FD}.Debug|Any CPU.Build.0 = Debug|Any CPU
		{E24967F0-5D9F-406A-BC6D-EDB8D929C2FD}.Release|Any CPU.ActiveCfg = Release|Any CPU
		{E24967F0-5D9F-406A-BC6D-EDB8D929C2FD}.Release|Any CPU.Build.0 = Release|Any CPU
		{EC44E232-20B7-44FE-B207-ACAAB1516227}.Debug|Any CPU.ActiveCfg = Debug|Any CPU
		{EC44E232-20B7-44FE-B207-ACAAB1516227}.Debug|Any CPU.Build.0 = Debug|Any CPU
		{EC44E232-20B7-44FE-B207-ACAAB1516227}.Release|Any CPU.ActiveCfg = Release|Any CPU
		{EC44E232-20B7-44FE-B207-ACAAB1516227}.Release|Any CPU.Build.0 = Release|Any CPU
		{A6EEC04A-6B76-483E-A2E5-36A43D7423D8}.Debug|Any CPU.ActiveCfg = Debug|Any CPU
		{A6EEC04A-6B76-483E-A2E5-36A43D7423D8}.Debug|Any CPU.Build.0 = Debug|Any CPU
		{A6EEC04A-6B76-483E-A2E5-36A43D7423D8}.Release|Any CPU.ActiveCfg = Release|Any CPU
		{A6EEC04A-6B76-483E-A2E5-36A43D7423D8}.Release|Any CPU.Build.0 = Release|Any CPU
		{352F791F-7894-4CAC-8668-3E59D3B77896}.Debug|Any CPU.ActiveCfg = Debug|Any CPU
		{352F791F-7894-4CAC-8668-3E59D3B77896}.Debug|Any CPU.Build.0 = Debug|Any CPU
		{352F791F-7894-4CAC-8668-3E59D3B77896}.Release|Any CPU.ActiveCfg = Release|Any CPU
		{352F791F-7894-4CAC-8668-3E59D3B77896}.Release|Any CPU.Build.0 = Release|Any CPU
		{E46141A3-65FE-422D-96AE-B0501F7D3DB8}.Debug|Any CPU.ActiveCfg = Debug|Any CPU
		{E46141A3-65FE-422D-96AE-B0501F7D3DB8}.Debug|Any CPU.Build.0 = Debug|Any CPU
		{E46141A3-65FE-422D-96AE-B0501F7D3DB8}.Release|Any CPU.ActiveCfg = Release|Any CPU
		{E46141A3-65FE-422D-96AE-B0501F7D3DB8}.Release|Any CPU.Build.0 = Release|Any CPU
		{7354B321-9823-4992-9486-D768295FF3D7}.Debug|Any CPU.ActiveCfg = Debug|Any CPU
		{7354B321-9823-4992-9486-D768295FF3D7}.Debug|Any CPU.Build.0 = Debug|Any CPU
		{7354B321-9823-4992-9486-D768295FF3D7}.Release|Any CPU.ActiveCfg = Release|Any CPU
		{7354B321-9823-4992-9486-D768295FF3D7}.Release|Any CPU.Build.0 = Release|Any CPU
		{47C7A190-E6AB-4B8C-9BF0-B89E1C59FEA1}.Debug|Any CPU.ActiveCfg = Debug|Any CPU
		{47C7A190-E6AB-4B8C-9BF0-B89E1C59FEA1}.Debug|Any CPU.Build.0 = Debug|Any CPU
		{47C7A190-E6AB-4B8C-9BF0-B89E1C59FEA1}.Release|Any CPU.ActiveCfg = Release|Any CPU
		{47C7A190-E6AB-4B8C-9BF0-B89E1C59FEA1}.Release|Any CPU.Build.0 = Release|Any CPU
		{9CFCDB58-255A-487D-903D-204067E51BAA}.Debug|Any CPU.ActiveCfg = Debug|Any CPU
		{9CFCDB58-255A-487D-903D-204067E51BAA}.Debug|Any CPU.Build.0 = Debug|Any CPU
		{9CFCDB58-255A-487D-903D-204067E51BAA}.Release|Any CPU.ActiveCfg = Release|Any CPU
		{9CFCDB58-255A-487D-903D-204067E51BAA}.Release|Any CPU.Build.0 = Release|Any CPU
		{4B3C0895-B705-4772-ABE4-D82BCF25EA84}.Debug|Any CPU.ActiveCfg = Debug|Any CPU
		{4B3C0895-B705-4772-ABE4-D82BCF25EA84}.Debug|Any CPU.Build.0 = Debug|Any CPU
		{4B3C0895-B705-4772-ABE4-D82BCF25EA84}.Release|Any CPU.ActiveCfg = Release|Any CPU
		{4B3C0895-B705-4772-ABE4-D82BCF25EA84}.Release|Any CPU.Build.0 = Release|Any CPU
		{894A264B-BB53-48E8-A157-8E24CB03878A}.Debug|Any CPU.ActiveCfg = Debug|Any CPU
		{894A264B-BB53-48E8-A157-8E24CB03878A}.Debug|Any CPU.Build.0 = Debug|Any CPU
		{894A264B-BB53-48E8-A157-8E24CB03878A}.Release|Any CPU.ActiveCfg = Release|Any CPU
		{894A264B-BB53-48E8-A157-8E24CB03878A}.Release|Any CPU.Build.0 = Release|Any CPU
		{32854709-792F-4FCC-AC69-C58136814178}.Debug|Any CPU.ActiveCfg = Debug|Any CPU
		{32854709-792F-4FCC-AC69-C58136814178}.Debug|Any CPU.Build.0 = Debug|Any CPU
		{32854709-792F-4FCC-AC69-C58136814178}.Release|Any CPU.ActiveCfg = Release|Any CPU
		{32854709-792F-4FCC-AC69-C58136814178}.Release|Any CPU.Build.0 = Release|Any CPU
		{CD0857C9-6982-43A5-9B9A-9E5F6B12EB13}.Debug|Any CPU.ActiveCfg = Debug|Any CPU
		{CD0857C9-6982-43A5-9B9A-9E5F6B12EB13}.Debug|Any CPU.Build.0 = Debug|Any CPU
		{CD0857C9-6982-43A5-9B9A-9E5F6B12EB13}.Release|Any CPU.ActiveCfg = Release|Any CPU
		{CD0857C9-6982-43A5-9B9A-9E5F6B12EB13}.Release|Any CPU.Build.0 = Release|Any CPU
		{785F08A1-A3B3-4F98-A785-BB847E24C2AD}.Debug|Any CPU.ActiveCfg = Debug|Any CPU
		{785F08A1-A3B3-4F98-A785-BB847E24C2AD}.Debug|Any CPU.Build.0 = Debug|Any CPU
		{785F08A1-A3B3-4F98-A785-BB847E24C2AD}.Release|Any CPU.ActiveCfg = Release|Any CPU
		{785F08A1-A3B3-4F98-A785-BB847E24C2AD}.Release|Any CPU.Build.0 = Release|Any CPU
	EndGlobalSection
	GlobalSection(SolutionProperties) = preSolution
		HideSolutionNode = FALSE
	EndGlobalSection
	GlobalSection(NestedProjects) = preSolution
		{52AC433C-1EB7-402A-A440-B422D50979F8} = {888F6DCF-E532-4F79-8B9F-018053DE222A}
		{D246926A-8BF4-4753-9A6E-1F4E353759C7} = {AEB4D3D9-A058-4690-AA71-D42E8E4B836E}
		{A4346CDE-C7D2-47CE-BB38-B603C26A3267} = {1C14F488-5A77-4A2B-91C3-BE6FC8C442AA}
		{D47F2A73-2279-4555-ADE4-0DF52960E96A} = {A44C926E-880B-4C01-8DB6-C07C5098A3CE}
		{FF41893C-E61A-408E-B92F-0D86F6BEDC33} = {2A8A367A-BCC9-45A0-AE73-CC0B06DBDA3B}
		{32B97D7C-CCC3-410F-A787-EEC214E69F5E} = {13146127-CCDB-4558-92C7-FE6D195A09E1}
		{CCD45533-E4CE-4275-BCD5-B5EE64CAACED} = {AEB4D3D9-A058-4690-AA71-D42E8E4B836E}
		{64337ABC-E3E9-4310-8FA2-D7AB2BB9DEA6} = {1C14F488-5A77-4A2B-91C3-BE6FC8C442AA}
		{182CE1FB-F511-4F95-91F7-6901046D83ED} = {A44C926E-880B-4C01-8DB6-C07C5098A3CE}
		{3625481D-82A5-4965-B0BC-650A7A12A9DA} = {3C2185D6-7499-4B32-916E-A3D93A74265F}
		{958DAED9-745A-40CA-AA9A-D5DFB2E73171} = {3C2185D6-7499-4B32-916E-A3D93A74265F}
		{8240D2AB-273F-4AB9-9F29-445473E36D7F} = {13146127-CCDB-4558-92C7-FE6D195A09E1}
		{F884F0A7-A538-4217-9CBF-8386EEAE7179} = {2A8A367A-BCC9-45A0-AE73-CC0B06DBDA3B}
		{13146127-CCDB-4558-92C7-FE6D195A09E1} = {A4C7D91B-BC3B-46A9-A602-D0F36BD4EF1A}
		{2A8A367A-BCC9-45A0-AE73-CC0B06DBDA3B} = {A4C7D91B-BC3B-46A9-A602-D0F36BD4EF1A}
		{AEB4D3D9-A058-4690-AA71-D42E8E4B836E} = {A4C7D91B-BC3B-46A9-A602-D0F36BD4EF1A}
		{1C14F488-5A77-4A2B-91C3-BE6FC8C442AA} = {A4C7D91B-BC3B-46A9-A602-D0F36BD4EF1A}
		{A44C926E-880B-4C01-8DB6-C07C5098A3CE} = {A4C7D91B-BC3B-46A9-A602-D0F36BD4EF1A}
		{3C2185D6-7499-4B32-916E-A3D93A74265F} = {A4C7D91B-BC3B-46A9-A602-D0F36BD4EF1A}
		{F31846DB-0AC0-45C5-BF14-A6EFA8998CD3} = {33995E2D-0AFD-4574-AB7B-831B7FFEC174}
		{234208B8-C30E-46E0-A5BD-A16FF348D240} = {F31846DB-0AC0-45C5-BF14-A6EFA8998CD3}
		{99A259F3-0AA0-4037-9265-B63AFCD433DA} = {F31846DB-0AC0-45C5-BF14-A6EFA8998CD3}
		{19144108-C72F-4920-BE5A-D7525E71A885} = {234208B8-C30E-46E0-A5BD-A16FF348D240}
		{8E03BAD6-F9F7-4294-A325-47A1BE41B9D1} = {A4C7D91B-BC3B-46A9-A602-D0F36BD4EF1A}
		{FB46815B-53F1-4A4C-A72B-7D0CC1DB941E} = {8E03BAD6-F9F7-4294-A325-47A1BE41B9D1}
		{FA700139-2717-4A90-A78E-EA881B5E9F63} = {A4C7D91B-BC3B-46A9-A602-D0F36BD4EF1A}
		{051C1957-6EFC-4668-8A09-D7199D37A0AE} = {FA700139-2717-4A90-A78E-EA881B5E9F63}
		{E24967F0-5D9F-406A-BC6D-EDB8D929C2FD} = {FA700139-2717-4A90-A78E-EA881B5E9F63}
		{976947D6-5E97-4FF9-8714-62AA32431945} = {A4C7D91B-BC3B-46A9-A602-D0F36BD4EF1A}
		{EC44E232-20B7-44FE-B207-ACAAB1516227} = {976947D6-5E97-4FF9-8714-62AA32431945}
		{A6EEC04A-6B76-483E-A2E5-36A43D7423D8} = {976947D6-5E97-4FF9-8714-62AA32431945}
		{352F791F-7894-4CAC-8668-3E59D3B77896} = {976947D6-5E97-4FF9-8714-62AA32431945}
		{E46141A3-65FE-422D-96AE-B0501F7D3DB8} = {98DF75C6-67D1-476B-B213-E8521B9D682A}
		{7354B321-9823-4992-9486-D768295FF3D7} = {B3BD9D6E-875D-479C-8129-016C851D7F02}
		{47C7A190-E6AB-4B8C-9BF0-B89E1C59FEA1} = {445F1886-8AC4-4BD2-95E2-2500D0A0815F}
		{9CFCDB58-255A-487D-903D-204067E51BAA} = {9543DE73-7C5B-4F3A-8D72-3264BDF88D54}
		{6192F265-6337-4862-A081-F3FF7C09DB81} = {A4C7D91B-BC3B-46A9-A602-D0F36BD4EF1A}
		{4B3C0895-B705-4772-ABE4-D82BCF25EA84} = {6192F265-6337-4862-A081-F3FF7C09DB81}
		{894A264B-BB53-48E8-A157-8E24CB03878A} = {8E03BAD6-F9F7-4294-A325-47A1BE41B9D1}
		{32854709-792F-4FCC-AC69-C58136814178} = {8E03BAD6-F9F7-4294-A325-47A1BE41B9D1}
		{CD0857C9-6982-43A5-9B9A-9E5F6B12EB13} = {8E03BAD6-F9F7-4294-A325-47A1BE41B9D1}
		{785F08A1-A3B3-4F98-A785-BB847E24C2AD} = {976947D6-5E97-4FF9-8714-62AA32431945}
	EndGlobalSection
	GlobalSection(ExtensibilityGlobals) = postSolution
		SolutionGuid = {4EF96DB9-5218-4971-B3B4-CF7D9D0ADB05}
	EndGlobalSection
EndGlobal
