
Microsoft Visual Studio Solution File, Format Version 12.00
# Visual Studio Version 16
VisualStudioVersion = 16.0.29424.173
MinimumVisualStudioVersion = 10.0.40219.1
Project("{9A19103F-16F7-4668-BE54-9A1E7A4F7556}") = "WebClient", "Client\WebClient\WebClient.csproj", "{52AC433C-1EB7-402A-A440-B422D50979F8}"
EndProject
Project("{9A19103F-16F7-4668-BE54-9A1E7A4F7556}") = "EmitLog", "RabbitMQ\EmitLog\EmitLog.csproj", "{D246926A-8BF4-4753-9A6E-1F4E353759C7}"
EndProject
Project("{9A19103F-16F7-4668-BE54-9A1E7A4F7556}") = "EmitLogDirect", "RabbitMQ\EmitLogDirect\EmitLogDirect.csproj", "{A4346CDE-C7D2-47CE-BB38-B603C26A3267}"
EndProject
Project("{9A19103F-16F7-4668-BE54-9A1E7A4F7556}") = "EmitLogTopic", "RabbitMQ\EmitLogTopic\EmitLogTopic.csproj", "{D47F2A73-2279-4555-ADE4-0DF52960E96A}"
EndProject
Project("{9A19103F-16F7-4668-BE54-9A1E7A4F7556}") = "NewTask", "RabbitMQ\NewTask\NewTask.csproj", "{FF41893C-E61A-408E-B92F-0D86F6BEDC33}"
EndProject
Project("{9A19103F-16F7-4668-BE54-9A1E7A4F7556}") = "Receive", "RabbitMQ\Receive\Receive.csproj", "{32B97D7C-CCC3-410F-A787-EEC214E69F5E}"
EndProject
Project("{9A19103F-16F7-4668-BE54-9A1E7A4F7556}") = "ReceiveLogs", "RabbitMQ\ReceiveLogs\ReceiveLogs.csproj", "{CCD45533-E4CE-4275-BCD5-B5EE64CAACED}"
EndProject
Project("{9A19103F-16F7-4668-BE54-9A1E7A4F7556}") = "ReceiveLogsDirect", "RabbitMQ\ReceiveLogsDirect\ReceiveLogsDirect.csproj", "{64337ABC-E3E9-4310-8FA2-D7AB2BB9DEA6}"
EndProject
Project("{9A19103F-16F7-4668-BE54-9A1E7A4F7556}") = "ReceiveLogsTopic", "RabbitMQ\ReceiveLogsTopic\ReceiveLogsTopic.csproj", "{182CE1FB-F511-4F95-91F7-6901046D83ED}"
EndProject
Project("{9A19103F-16F7-4668-BE54-9A1E7A4F7556}") = "RPCClient", "RabbitMQ\RPCClient\RPCClient.csproj", "{3625481D-82A5-4965-B0BC-650A7A12A9DA}"
EndProject
Project("{9A19103F-16F7-4668-BE54-9A1E7A4F7556}") = "RPCServer", "RabbitMQ\RPCServer\RPCServer.csproj", "{958DAED9-745A-40CA-AA9A-D5DFB2E73171}"
EndProject
Project("{9A19103F-16F7-4668-BE54-9A1E7A4F7556}") = "Send", "RabbitMQ\Send\Send.csproj", "{8240D2AB-273F-4AB9-9F29-445473E36D7F}"
EndProject
Project("{9A19103F-16F7-4668-BE54-9A1E7A4F7556}") = "Worker", "RabbitMQ\Worker\Worker.csproj", "{F884F0A7-A538-4217-9CBF-8386EEAE7179}"
EndProject
Project("{2150E333-8FDC-42A3-9474-1A3956D46DE8}") = "RabbitMQ", "RabbitMQ", "{A4C7D91B-BC3B-46A9-A602-D0F36BD4EF1A}"
EndProject
Project("{2150E333-8FDC-42A3-9474-1A3956D46DE8}") = "Client", "Client", "{888F6DCF-E532-4F79-8B9F-018053DE222A}"
EndProject
Project("{2150E333-8FDC-42A3-9474-1A3956D46DE8}") = "t1", "t1", "{13146127-CCDB-4558-92C7-FE6D195A09E1}"
EndProject
Project("{2150E333-8FDC-42A3-9474-1A3956D46DE8}") = "t2", "t2", "{2A8A367A-BCC9-45A0-AE73-CC0B06DBDA3B}"
EndProject
Project("{2150E333-8FDC-42A3-9474-1A3956D46DE8}") = "t3", "t3", "{AEB4D3D9-A058-4690-AA71-D42E8E4B836E}"
EndProject
Project("{2150E333-8FDC-42A3-9474-1A3956D46DE8}") = "t4", "t4", "{1C14F488-5A77-4A2B-91C3-BE6FC8C442AA}"
EndProject
Project("{2150E333-8FDC-42A3-9474-1A3956D46DE8}") = "t5", "t5", "{A44C926E-880B-4C01-8DB6-C07C5098A3CE}"
EndProject
Project("{2150E333-8FDC-42A3-9474-1A3956D46DE8}") = "t6", "t6", "{3C2185D6-7499-4B32-916E-A3D93A74265F}"
EndProject
Project("{2150E333-8FDC-42A3-9474-1A3956D46DE8}") = "Doc", "Doc", "{8C6A576D-B9E4-443B-9338-B881D582993C}"
	ProjectSection(SolutionItems) = preProject
		README.md = README.md
	EndProjectSection
EndProject
Project("{2150E333-8FDC-42A3-9474-1A3956D46DE8}") = "Unit", "Unit", "{33995E2D-0AFD-4574-AB7B-831B7FFEC174}"
EndProject
Project("{2150E333-8FDC-42A3-9474-1A3956D46DE8}") = "xUnit", "xUnit", "{F31846DB-0AC0-45C5-BF14-A6EFA8998CD3}"
EndProject
Project("{2150E333-8FDC-42A3-9474-1A3956D46DE8}") = "xUnit", "xUnit", "{234208B8-C30E-46E0-A5BD-A16FF348D240}"
EndProject
Project("{9A19103F-16F7-4668-BE54-9A1E7A4F7556}") = "testApi", "Unit\testApi\testApi.csproj", "{99A259F3-0AA0-4037-9265-B63AFCD433DA}"
EndProject
Project("{9A19103F-16F7-4668-BE54-9A1E7A4F7556}") = "XUnitTestProject", "Unit\XUnitTestProject\XUnitTestProject.csproj", "{19144108-C72F-4920-BE5A-D7525E71A885}"
EndProject
Project("{2150E333-8FDC-42A3-9474-1A3956D46DE8}") = "ABP", "ABP", "{7C9CCC5A-15C6-4149-9F80-9FF6A8C6421E}"
EndProject
Project("{2150E333-8FDC-42A3-9474-1A3956D46DE8}") = "MQDemo", "MQDemo", "{8E03BAD6-F9F7-4294-A325-47A1BE41B9D1}"
EndProject
Project("{9A19103F-16F7-4668-BE54-9A1E7A4F7556}") = "MQTest", "MQTest\MQTest.csproj", "{FB46815B-53F1-4A4C-A72B-7D0CC1DB941E}"
EndProject
Project("{2150E333-8FDC-42A3-9474-1A3956D46DE8}") = "t0", "t0", "{FA700139-2717-4A90-A78E-EA881B5E9F63}"
EndProject
Project("{9A19103F-16F7-4668-BE54-9A1E7A4F7556}") = "sendMQ", "RabbitMQ\sendMQ\sendMQ.csproj", "{051C1957-6EFC-4668-8A09-D7199D37A0AE}"
EndProject
Project("{9A19103F-16F7-4668-BE54-9A1E7A4F7556}") = "ReceiveMQ", "RabbitMQ\ReceiveMQ\ReceiveMQ.csproj", "{E24967F0-5D9F-406A-BC6D-EDB8D929C2FD}"
EndProject
Project("{2150E333-8FDC-42A3-9474-1A3956D46DE8}") = "EasyNetQ", "EasyNetQ", "{976947D6-5E97-4FF9-8714-62AA32431945}"
EndProject
Project("{9A19103F-16F7-4668-BE54-9A1E7A4F7556}") = "Messages", "RabbitMQ\Messages\Messages.csproj", "{EC44E232-20B7-44FE-B207-ACAAB1516227}"
EndProject
Project("{9A19103F-16F7-4668-BE54-9A1E7A4F7556}") = "Publisher", "RabbitMQ\Publisher\Publisher.csproj", "{A6EEC04A-6B76-483E-A2E5-36A43D7423D8}"
EndProject
Project("{9A19103F-16F7-4668-BE54-9A1E7A4F7556}") = "Subscribe", "RabbitMQ\Subscribe\Subscribe.csproj", "{352F791F-7894-4CAC-8668-3E59D3B77896}"
EndProject
Project("{2150E333-8FDC-42A3-9474-1A3956D46DE8}") = "Test", "Test", "{D217B693-9BC6-49C7-80B9-2A69299AF866}"
EndProject
Project("{2150E333-8FDC-42A3-9474-1A3956D46DE8}") = "AOP", "AOP", "{98DF75C6-67D1-476B-B213-E8521B9D682A}"
EndProject
Project("{9A19103F-16F7-4668-BE54-9A1E7A4F7556}") = "aop1", "AOP\aop1\aop1.csproj", "{E46141A3-65FE-422D-96AE-B0501F7D3DB8}"
EndProject
Project("{2150E333-8FDC-42A3-9474-1A3956D46DE8}") = "Redis", "Redis", "{B3BD9D6E-875D-479C-8129-016C851D7F02}"
EndProject
Project("{9A19103F-16F7-4668-BE54-9A1E7A4F7556}") = "webRedisCache", "Redis\webRedisCache\webRedisCache.csproj", "{7354B321-9823-4992-9486-D768295FF3D7}"
EndProject
Project("{2150E333-8FDC-42A3-9474-1A3956D46DE8}") = "Reflection", "Reflection", "{445F1886-8AC4-4BD2-95E2-2500D0A0815F}"
EndProject
Project("{9A19103F-16F7-4668-BE54-9A1E7A4F7556}") = "Reflection1", "Reflection\Reflection1\Reflection1.csproj", "{47C7A190-E6AB-4B8C-9BF0-B89E1C59FEA1}"
EndProject
Project("{2150E333-8FDC-42A3-9474-1A3956D46DE8}") = "Linq", "Linq", "{9543DE73-7C5B-4F3A-8D72-3264BDF88D54}"
EndProject
Project("{9A19103F-16F7-4668-BE54-9A1E7A4F7556}") = "linq1", "Linq\linq1\linq1.csproj", "{9CFCDB58-255A-487D-903D-204067E51BAA}"
EndProject
Project("{2150E333-8FDC-42A3-9474-1A3956D46DE8}") = "DeadLetter", "DeadLetter", "{6192F265-6337-4862-A081-F3FF7C09DB81}"
EndProject
Project("{9A19103F-16F7-4668-BE54-9A1E7A4F7556}") = "producer", "RabbitMQ\DeadLetter\producer\producer.csproj", "{4B3C0895-B705-4772-ABE4-D82BCF25EA84}"
EndProject
Project("{9A19103F-16F7-4668-BE54-9A1E7A4F7556}") = "Receiver", "RabbitMQ\MQDemo\Receiver\Receiver.csproj", "{894A264B-BB53-48E8-A157-8E24CB03878A}"
EndProject
Project("{9A19103F-16F7-4668-BE54-9A1E7A4F7556}") = "MQUtil", "RabbitMQ\MQDemo\MQUtil\MQUtil.csproj", "{32854709-792F-4FCC-AC69-C58136814178}"
EndProject
Project("{9A19103F-16F7-4668-BE54-9A1E7A4F7556}") = "MQProducer", "RabbitMQ\MQDemo\MQProducer\MQProducer.csproj", "{CD0857C9-6982-43A5-9B9A-9E5F6B12EB13}"
EndProject
Project("{9A19103F-16F7-4668-BE54-9A1E7A4F7556}") = "EasyNetqMyConventions", "RabbitMQ\EasyNetQ\EasyNetqMyConventions\EasyNetqMyConventions.csproj", "{785F08A1-A3B3-4F98-A785-BB847E24C2AD}"
EndProject
Project("{2150E333-8FDC-42A3-9474-1A3956D46DE8}") = "Quartz", "Quartz", "{EB11E071-8748-4A9A-AEDA-2C374EED9BF0}"
EndProject
Project("{2150E333-8FDC-42A3-9474-1A3956D46DE8}") = "EasyNetQWebApi", "EasyNetQWebApi", "{4543B19F-71EF-4AAF-8650-ACF5E5CF8D01}"
EndProject
Project("{9A19103F-16F7-4668-BE54-9A1E7A4F7556}") = "EasyNetQ.WebApi", "RabbitMQ\EasyNetQ.WebApi\EasyNetQ.WebApi.csproj", "{AD30D2A2-DEC0-417F-83AF-BFC426F8D8DC}"
EndProject
Project("{2150E333-8FDC-42A3-9474-1A3956D46DE8}") = "Files", "Files", "{16DC217C-3742-4DF9-96A0-ECB13BE40DEE}"
EndProject
Project("{9A19103F-16F7-4668-BE54-9A1E7A4F7556}") = "FileUpload", "Files\FileUpload\FileUpload.csproj", "{3D42AE4C-E442-404F-AD8B-A4FD482941F3}"
EndProject
Project("{2150E333-8FDC-42A3-9474-1A3956D46DE8}") = "JWT", "JWT", "{CC3F3417-4CD7-4828-A290-F2889F0620CA}"
EndProject
Project("{9A19103F-16F7-4668-BE54-9A1E7A4F7556}") = "JwtDemo", "JWT\JwtDemo\JwtDemo.csproj", "{80944E42-9EE5-4AF9-AB74-B0501510A26D}"
EndProject
Project("{2150E333-8FDC-42A3-9474-1A3956D46DE8}") = "Csharp", "Csharp", "{DFF6B2A5-5D2D-4775-90A8-254575F1FC03}"
EndProject
Project("{2150E333-8FDC-42A3-9474-1A3956D46DE8}") = "Equal", "Equal", "{CD69BB43-75FA-4449-ABDE-D7407B4ABAB6}"
EndProject
Project("{9A19103F-16F7-4668-BE54-9A1E7A4F7556}") = "CSharp.Equal", "CSharp\Equal\CSharp.Equal\CSharp.Equal.csproj", "{4773D035-77F9-4D32-B7A0-7D4DDBF544A7}"
EndProject
Project("{2150E333-8FDC-42A3-9474-1A3956D46DE8}") = "Identity", "Identity", "{C9D53F17-D204-4CA8-B04D-3B8AC025EBE8}"
EndProject
Project("{2150E333-8FDC-42A3-9474-1A3956D46DE8}") = "FreeSql", "FreeSql", "{FF84A736-3937-4508-A59C-93958951F65F}"
EndProject
Project("{2150E333-8FDC-42A3-9474-1A3956D46DE8}") = "course1", "course1", "{1E5122DE-BA9C-4EB6-9190-4DC7650D7CDE}"
EndProject
Project("{9A19103F-16F7-4668-BE54-9A1E7A4F7556}") = "freeSqlWeb1", "FreeSql\course1\freeSqlWeb1\freeSqlWeb1.csproj", "{A7BAC22A-E37E-4BDE-9459-C71EA29BC60C}"
EndProject
Project("{2150E333-8FDC-42A3-9474-1A3956D46DE8}") = "Cap", "Cap", "{F6C79E2A-B47E-4CF7-9627-25FFA792CD29}"
EndProject
Project("{2150E333-8FDC-42A3-9474-1A3956D46DE8}") = "Cap1", "Cap1", "{90C474C7-70A0-4C31-B00C-53E28582194D}"
EndProject
Project("{9A19103F-16F7-4668-BE54-9A1E7A4F7556}") = "CapWeb1", "Cap\Cap1\CapWeb1\CapWeb1.csproj", "{97F5FA7B-BBB0-494C-AB01-9666CFB2A24A}"
EndProject
Project("{9A19103F-16F7-4668-BE54-9A1E7A4F7556}") = "routine.api", "Client\routine.api\routine.api\routine.api.csproj", "{92EDB147-B83F-47D6-A438-098C03D7F416}"
EndProject
Project("{2150E333-8FDC-42A3-9474-1A3956D46DE8}") = "Ocelot", "Ocelot", "{8B0CBF13-5E06-4385-A7A3-77AEF0C1B74B}"
EndProject
Project("{9A19103F-16F7-4668-BE54-9A1E7A4F7556}") = "OcelotBasic", "Ocelot\OcelotBasic\OcelotBasic.csproj", "{71147A77-8B68-435F-BA31-9019EFDF096B}"
EndProject
Project("{9A19103F-16F7-4668-BE54-9A1E7A4F7556}") = "OcelotGoodApi", "Ocelot\OcelotGoodApi\OcelotGoodApi.csproj", "{13966705-44F8-477E-A6FC-E931EDEDB3E4}"
EndProject
Project("{9A19103F-16F7-4668-BE54-9A1E7A4F7556}") = "OcelotOrderApi", "Ocelot\OcelotOrderApi\OcelotOrderApi.csproj", "{9ED46403-9559-4D9D-877E-99410872F15B}"
EndProject
Project("{9A19103F-16F7-4668-BE54-9A1E7A4F7556}") = "Ocelot.Models", "Ocelot\Ocelot.Models\Ocelot.Models.csproj", "{7164BBFB-CCA6-4847-AED0-0614AD2FDF84}"
EndProject
Project("{9A19103F-16F7-4668-BE54-9A1E7A4F7556}") = "Ocelot.Auth", "Ocelot\Ocelot.Auth\Ocelot.Auth.csproj", "{8E6C5C15-3685-47E2-95B2-A8DFB4853482}"
EndProject
Project("{2150E333-8FDC-42A3-9474-1A3956D46DE8}") = "WeChat", "WeChat", "{14E2CBB0-7EFC-4035-AE49-B6916FE9DE90}"
EndProject
Project("{9A19103F-16F7-4668-BE54-9A1E7A4F7556}") = "WeChatService", "WeChat\WeChatService\WeChatService.csproj", "{57DAA73E-9ECC-4434-802A-4DAB9DB5AEB5}"
EndProject
Project("{9A19103F-16F7-4668-BE54-9A1E7A4F7556}") = "Quartz.Job", "Quartz\Quartz.Job\Quartz.Job.csproj", "{FA3584F6-791F-4600-B0D4-ADA3FD5F78DE}"
EndProject
Project("{2150E333-8FDC-42A3-9474-1A3956D46DE8}") = "Alph", "Alph", "{3CAB2E49-FB89-4AF4-B753-927B8D023D22}"
EndProject
Project("{9A19103F-16F7-4668-BE54-9A1E7A4F7556}") = "AlphOcelot", "Ocelot\AlphOcelot\AlphOcelot\AlphOcelot.csproj", "{2DC05D51-F3D0-4F42-BFE8-0C96CC663A22}"
EndProject
Project("{9A19103F-16F7-4668-BE54-9A1E7A4F7556}") = "AuthPlatform.Getway", "Ocelot\AlphOcelot\AuthPlatform.Getway\AuthPlatform.Getway.csproj", "{3B1BACA0-866F-450B-B28F-1A3C4427E6EA}"
EndProject
Project("{9A19103F-16F7-4668-BE54-9A1E7A4F7556}") = "IdentityServer", "Identity\IdentityServer\IdentityServer.csproj", "{7DED7815-0925-486C-A6BB-8B452F49D7CC}"
EndProject
Project("{9A19103F-16F7-4668-BE54-9A1E7A4F7556}") = "IdentityClient1", "Identity\IdentityClient1\IdentityClient1.csproj", "{1DC2C551-8CA3-41C3-9931-96D2683390E4}"
EndProject
Project("{9A19103F-16F7-4668-BE54-9A1E7A4F7556}") = "IdentityApi1", "Identity\IdentityApi1\IdentityApi1.csproj", "{F16CE4B9-DBBA-4E84-A85D-4B6AC7AD6AF2}"
EndProject
Project("{FAE04EC0-301F-11D3-BF4B-00C04F79EFBC}") = "IdentityConsoleApp1", "Identity\IdentityConsoleApp1\IdentityConsoleApp1.csproj", "{27AED24E-A132-4D76-A482-8D35F6463708}"
EndProject
Global
	GlobalSection(SolutionConfigurationPlatforms) = preSolution
		Debug|Any CPU = Debug|Any CPU
		Release|Any CPU = Release|Any CPU
	EndGlobalSection
	GlobalSection(ProjectConfigurationPlatforms) = postSolution
		{52AC433C-1EB7-402A-A440-B422D50979F8}.Debug|Any CPU.ActiveCfg = Debug|Any CPU
		{52AC433C-1EB7-402A-A440-B422D50979F8}.Debug|Any CPU.Build.0 = Debug|Any CPU
		{52AC433C-1EB7-402A-A440-B422D50979F8}.Release|Any CPU.ActiveCfg = Release|Any CPU
		{52AC433C-1EB7-402A-A440-B422D50979F8}.Release|Any CPU.Build.0 = Release|Any CPU
		{D246926A-8BF4-4753-9A6E-1F4E353759C7}.Debug|Any CPU.ActiveCfg = Debug|Any CPU
		{D246926A-8BF4-4753-9A6E-1F4E353759C7}.Debug|Any CPU.Build.0 = Debug|Any CPU
		{D246926A-8BF4-4753-9A6E-1F4E353759C7}.Release|Any CPU.ActiveCfg = Release|Any CPU
		{D246926A-8BF4-4753-9A6E-1F4E353759C7}.Release|Any CPU.Build.0 = Release|Any CPU
		{A4346CDE-C7D2-47CE-BB38-B603C26A3267}.Debug|Any CPU.ActiveCfg = Debug|Any CPU
		{A4346CDE-C7D2-47CE-BB38-B603C26A3267}.Debug|Any CPU.Build.0 = Debug|Any CPU
		{A4346CDE-C7D2-47CE-BB38-B603C26A3267}.Release|Any CPU.ActiveCfg = Release|Any CPU
		{A4346CDE-C7D2-47CE-BB38-B603C26A3267}.Release|Any CPU.Build.0 = Release|Any CPU
		{D47F2A73-2279-4555-ADE4-0DF52960E96A}.Debug|Any CPU.ActiveCfg = Debug|Any CPU
		{D47F2A73-2279-4555-ADE4-0DF52960E96A}.Debug|Any CPU.Build.0 = Debug|Any CPU
		{D47F2A73-2279-4555-ADE4-0DF52960E96A}.Release|Any CPU.ActiveCfg = Release|Any CPU
		{D47F2A73-2279-4555-ADE4-0DF52960E96A}.Release|Any CPU.Build.0 = Release|Any CPU
		{FF41893C-E61A-408E-B92F-0D86F6BEDC33}.Debug|Any CPU.ActiveCfg = Debug|Any CPU
		{FF41893C-E61A-408E-B92F-0D86F6BEDC33}.Debug|Any CPU.Build.0 = Debug|Any CPU
		{FF41893C-E61A-408E-B92F-0D86F6BEDC33}.Release|Any CPU.ActiveCfg = Release|Any CPU
		{FF41893C-E61A-408E-B92F-0D86F6BEDC33}.Release|Any CPU.Build.0 = Release|Any CPU
		{32B97D7C-CCC3-410F-A787-EEC214E69F5E}.Debug|Any CPU.ActiveCfg = Debug|Any CPU
		{32B97D7C-CCC3-410F-A787-EEC214E69F5E}.Debug|Any CPU.Build.0 = Debug|Any CPU
		{32B97D7C-CCC3-410F-A787-EEC214E69F5E}.Release|Any CPU.ActiveCfg = Release|Any CPU
		{32B97D7C-CCC3-410F-A787-EEC214E69F5E}.Release|Any CPU.Build.0 = Release|Any CPU
		{CCD45533-E4CE-4275-BCD5-B5EE64CAACED}.Debug|Any CPU.ActiveCfg = Debug|Any CPU
		{CCD45533-E4CE-4275-BCD5-B5EE64CAACED}.Debug|Any CPU.Build.0 = Debug|Any CPU
		{CCD45533-E4CE-4275-BCD5-B5EE64CAACED}.Release|Any CPU.ActiveCfg = Release|Any CPU
		{CCD45533-E4CE-4275-BCD5-B5EE64CAACED}.Release|Any CPU.Build.0 = Release|Any CPU
		{64337ABC-E3E9-4310-8FA2-D7AB2BB9DEA6}.Debug|Any CPU.ActiveCfg = Debug|Any CPU
		{64337ABC-E3E9-4310-8FA2-D7AB2BB9DEA6}.Debug|Any CPU.Build.0 = Debug|Any CPU
		{64337ABC-E3E9-4310-8FA2-D7AB2BB9DEA6}.Release|Any CPU.ActiveCfg = Release|Any CPU
		{64337ABC-E3E9-4310-8FA2-D7AB2BB9DEA6}.Release|Any CPU.Build.0 = Release|Any CPU
		{182CE1FB-F511-4F95-91F7-6901046D83ED}.Debug|Any CPU.ActiveCfg = Debug|Any CPU
		{182CE1FB-F511-4F95-91F7-6901046D83ED}.Debug|Any CPU.Build.0 = Debug|Any CPU
		{182CE1FB-F511-4F95-91F7-6901046D83ED}.Release|Any CPU.ActiveCfg = Release|Any CPU
		{182CE1FB-F511-4F95-91F7-6901046D83ED}.Release|Any CPU.Build.0 = Release|Any CPU
		{3625481D-82A5-4965-B0BC-650A7A12A9DA}.Debug|Any CPU.ActiveCfg = Debug|Any CPU
		{3625481D-82A5-4965-B0BC-650A7A12A9DA}.Debug|Any CPU.Build.0 = Debug|Any CPU
		{3625481D-82A5-4965-B0BC-650A7A12A9DA}.Release|Any CPU.ActiveCfg = Release|Any CPU
		{3625481D-82A5-4965-B0BC-650A7A12A9DA}.Release|Any CPU.Build.0 = Release|Any CPU
		{958DAED9-745A-40CA-AA9A-D5DFB2E73171}.Debug|Any CPU.ActiveCfg = Debug|Any CPU
		{958DAED9-745A-40CA-AA9A-D5DFB2E73171}.Debug|Any CPU.Build.0 = Debug|Any CPU
		{958DAED9-745A-40CA-AA9A-D5DFB2E73171}.Release|Any CPU.ActiveCfg = Release|Any CPU
		{958DAED9-745A-40CA-AA9A-D5DFB2E73171}.Release|Any CPU.Build.0 = Release|Any CPU
		{8240D2AB-273F-4AB9-9F29-445473E36D7F}.Debug|Any CPU.ActiveCfg = Debug|Any CPU
		{8240D2AB-273F-4AB9-9F29-445473E36D7F}.Debug|Any CPU.Build.0 = Debug|Any CPU
		{8240D2AB-273F-4AB9-9F29-445473E36D7F}.Release|Any CPU.ActiveCfg = Release|Any CPU
		{8240D2AB-273F-4AB9-9F29-445473E36D7F}.Release|Any CPU.Build.0 = Release|Any CPU
		{F884F0A7-A538-4217-9CBF-8386EEAE7179}.Debug|Any CPU.ActiveCfg = Debug|Any CPU
		{F884F0A7-A538-4217-9CBF-8386EEAE7179}.Debug|Any CPU.Build.0 = Debug|Any CPU
		{F884F0A7-A538-4217-9CBF-8386EEAE7179}.Release|Any CPU.ActiveCfg = Release|Any CPU
		{F884F0A7-A538-4217-9CBF-8386EEAE7179}.Release|Any CPU.Build.0 = Release|Any CPU
		{99A259F3-0AA0-4037-9265-B63AFCD433DA}.Debug|Any CPU.ActiveCfg = Debug|Any CPU
		{99A259F3-0AA0-4037-9265-B63AFCD433DA}.Debug|Any CPU.Build.0 = Debug|Any CPU
		{99A259F3-0AA0-4037-9265-B63AFCD433DA}.Release|Any CPU.ActiveCfg = Release|Any CPU
		{99A259F3-0AA0-4037-9265-B63AFCD433DA}.Release|Any CPU.Build.0 = Release|Any CPU
		{19144108-C72F-4920-BE5A-D7525E71A885}.Debug|Any CPU.ActiveCfg = Debug|Any CPU
		{19144108-C72F-4920-BE5A-D7525E71A885}.Debug|Any CPU.Build.0 = Debug|Any CPU
		{19144108-C72F-4920-BE5A-D7525E71A885}.Release|Any CPU.ActiveCfg = Release|Any CPU
		{19144108-C72F-4920-BE5A-D7525E71A885}.Release|Any CPU.Build.0 = Release|Any CPU
		{FB46815B-53F1-4A4C-A72B-7D0CC1DB941E}.Debug|Any CPU.ActiveCfg = Debug|Any CPU
		{FB46815B-53F1-4A4C-A72B-7D0CC1DB941E}.Debug|Any CPU.Build.0 = Debug|Any CPU
		{FB46815B-53F1-4A4C-A72B-7D0CC1DB941E}.Release|Any CPU.ActiveCfg = Release|Any CPU
		{FB46815B-53F1-4A4C-A72B-7D0CC1DB941E}.Release|Any CPU.Build.0 = Release|Any CPU
		{051C1957-6EFC-4668-8A09-D7199D37A0AE}.Debug|Any CPU.ActiveCfg = Debug|Any CPU
		{051C1957-6EFC-4668-8A09-D7199D37A0AE}.Debug|Any CPU.Build.0 = Debug|Any CPU
		{051C1957-6EFC-4668-8A09-D7199D37A0AE}.Release|Any CPU.ActiveCfg = Release|Any CPU
		{051C1957-6EFC-4668-8A09-D7199D37A0AE}.Release|Any CPU.Build.0 = Release|Any CPU
		{E24967F0-5D9F-406A-BC6D-EDB8D929C2FD}.Debug|Any CPU.ActiveCfg = Debug|Any CPU
		{E24967F0-5D9F-406A-BC6D-EDB8D929C2FD}.Debug|Any CPU.Build.0 = Debug|Any CPU
		{E24967F0-5D9F-406A-BC6D-EDB8D929C2FD}.Release|Any CPU.ActiveCfg = Release|Any CPU
		{E24967F0-5D9F-406A-BC6D-EDB8D929C2FD}.Release|Any CPU.Build.0 = Release|Any CPU
		{EC44E232-20B7-44FE-B207-ACAAB1516227}.Debug|Any CPU.ActiveCfg = Debug|Any CPU
		{EC44E232-20B7-44FE-B207-ACAAB1516227}.Debug|Any CPU.Build.0 = Debug|Any CPU
		{EC44E232-20B7-44FE-B207-ACAAB1516227}.Release|Any CPU.ActiveCfg = Release|Any CPU
		{EC44E232-20B7-44FE-B207-ACAAB1516227}.Release|Any CPU.Build.0 = Release|Any CPU
		{A6EEC04A-6B76-483E-A2E5-36A43D7423D8}.Debug|Any CPU.ActiveCfg = Debug|Any CPU
		{A6EEC04A-6B76-483E-A2E5-36A43D7423D8}.Debug|Any CPU.Build.0 = Debug|Any CPU
		{A6EEC04A-6B76-483E-A2E5-36A43D7423D8}.Release|Any CPU.ActiveCfg = Release|Any CPU
		{A6EEC04A-6B76-483E-A2E5-36A43D7423D8}.Release|Any CPU.Build.0 = Release|Any CPU
		{352F791F-7894-4CAC-8668-3E59D3B77896}.Debug|Any CPU.ActiveCfg = Debug|Any CPU
		{352F791F-7894-4CAC-8668-3E59D3B77896}.Debug|Any CPU.Build.0 = Debug|Any CPU
		{352F791F-7894-4CAC-8668-3E59D3B77896}.Release|Any CPU.ActiveCfg = Release|Any CPU
		{352F791F-7894-4CAC-8668-3E59D3B77896}.Release|Any CPU.Build.0 = Release|Any CPU
		{E46141A3-65FE-422D-96AE-B0501F7D3DB8}.Debug|Any CPU.ActiveCfg = Debug|Any CPU
		{E46141A3-65FE-422D-96AE-B0501F7D3DB8}.Debug|Any CPU.Build.0 = Debug|Any CPU
		{E46141A3-65FE-422D-96AE-B0501F7D3DB8}.Release|Any CPU.ActiveCfg = Release|Any CPU
		{E46141A3-65FE-422D-96AE-B0501F7D3DB8}.Release|Any CPU.Build.0 = Release|Any CPU
		{7354B321-9823-4992-9486-D768295FF3D7}.Debug|Any CPU.ActiveCfg = Debug|Any CPU
		{7354B321-9823-4992-9486-D768295FF3D7}.Debug|Any CPU.Build.0 = Debug|Any CPU
		{7354B321-9823-4992-9486-D768295FF3D7}.Release|Any CPU.ActiveCfg = Release|Any CPU
		{7354B321-9823-4992-9486-D768295FF3D7}.Release|Any CPU.Build.0 = Release|Any CPU
		{47C7A190-E6AB-4B8C-9BF0-B89E1C59FEA1}.Debug|Any CPU.ActiveCfg = Debug|Any CPU
		{47C7A190-E6AB-4B8C-9BF0-B89E1C59FEA1}.Debug|Any CPU.Build.0 = Debug|Any CPU
		{47C7A190-E6AB-4B8C-9BF0-B89E1C59FEA1}.Release|Any CPU.ActiveCfg = Release|Any CPU
		{47C7A190-E6AB-4B8C-9BF0-B89E1C59FEA1}.Release|Any CPU.Build.0 = Release|Any CPU
		{9CFCDB58-255A-487D-903D-204067E51BAA}.Debug|Any CPU.ActiveCfg = Debug|Any CPU
		{9CFCDB58-255A-487D-903D-204067E51BAA}.Debug|Any CPU.Build.0 = Debug|Any CPU
		{9CFCDB58-255A-487D-903D-204067E51BAA}.Release|Any CPU.ActiveCfg = Release|Any CPU
		{9CFCDB58-255A-487D-903D-204067E51BAA}.Release|Any CPU.Build.0 = Release|Any CPU
		{4B3C0895-B705-4772-ABE4-D82BCF25EA84}.Debug|Any CPU.ActiveCfg = Debug|Any CPU
		{4B3C0895-B705-4772-ABE4-D82BCF25EA84}.Debug|Any CPU.Build.0 = Debug|Any CPU
		{4B3C0895-B705-4772-ABE4-D82BCF25EA84}.Release|Any CPU.ActiveCfg = Release|Any CPU
		{4B3C0895-B705-4772-ABE4-D82BCF25EA84}.Release|Any CPU.Build.0 = Release|Any CPU
		{894A264B-BB53-48E8-A157-8E24CB03878A}.Debug|Any CPU.ActiveCfg = Debug|Any CPU
		{894A264B-BB53-48E8-A157-8E24CB03878A}.Debug|Any CPU.Build.0 = Debug|Any CPU
		{894A264B-BB53-48E8-A157-8E24CB03878A}.Release|Any CPU.ActiveCfg = Release|Any CPU
		{894A264B-BB53-48E8-A157-8E24CB03878A}.Release|Any CPU.Build.0 = Release|Any CPU
		{32854709-792F-4FCC-AC69-C58136814178}.Debug|Any CPU.ActiveCfg = Debug|Any CPU
		{32854709-792F-4FCC-AC69-C58136814178}.Debug|Any CPU.Build.0 = Debug|Any CPU
		{32854709-792F-4FCC-AC69-C58136814178}.Release|Any CPU.ActiveCfg = Release|Any CPU
		{32854709-792F-4FCC-AC69-C58136814178}.Release|Any CPU.Build.0 = Release|Any CPU
		{CD0857C9-6982-43A5-9B9A-9E5F6B12EB13}.Debug|Any CPU.ActiveCfg = Debug|Any CPU
		{CD0857C9-6982-43A5-9B9A-9E5F6B12EB13}.Debug|Any CPU.Build.0 = Debug|Any CPU
		{CD0857C9-6982-43A5-9B9A-9E5F6B12EB13}.Release|Any CPU.ActiveCfg = Release|Any CPU
		{CD0857C9-6982-43A5-9B9A-9E5F6B12EB13}.Release|Any CPU.Build.0 = Release|Any CPU
		{785F08A1-A3B3-4F98-A785-BB847E24C2AD}.Debug|Any CPU.ActiveCfg = Debug|Any CPU
		{785F08A1-A3B3-4F98-A785-BB847E24C2AD}.Debug|Any CPU.Build.0 = Debug|Any CPU
		{785F08A1-A3B3-4F98-A785-BB847E24C2AD}.Release|Any CPU.ActiveCfg = Release|Any CPU
		{785F08A1-A3B3-4F98-A785-BB847E24C2AD}.Release|Any CPU.Build.0 = Release|Any CPU
		{AD30D2A2-DEC0-417F-83AF-BFC426F8D8DC}.Debug|Any CPU.ActiveCfg = Debug|Any CPU
		{AD30D2A2-DEC0-417F-83AF-BFC426F8D8DC}.Debug|Any CPU.Build.0 = Debug|Any CPU
		{AD30D2A2-DEC0-417F-83AF-BFC426F8D8DC}.Release|Any CPU.ActiveCfg = Release|Any CPU
		{AD30D2A2-DEC0-417F-83AF-BFC426F8D8DC}.Release|Any CPU.Build.0 = Release|Any CPU
		{3D42AE4C-E442-404F-AD8B-A4FD482941F3}.Debug|Any CPU.ActiveCfg = Debug|Any CPU
		{3D42AE4C-E442-404F-AD8B-A4FD482941F3}.Debug|Any CPU.Build.0 = Debug|Any CPU
		{3D42AE4C-E442-404F-AD8B-A4FD482941F3}.Release|Any CPU.ActiveCfg = Release|Any CPU
		{3D42AE4C-E442-404F-AD8B-A4FD482941F3}.Release|Any CPU.Build.0 = Release|Any CPU
		{80944E42-9EE5-4AF9-AB74-B0501510A26D}.Debug|Any CPU.ActiveCfg = Debug|Any CPU
		{80944E42-9EE5-4AF9-AB74-B0501510A26D}.Debug|Any CPU.Build.0 = Debug|Any CPU
		{80944E42-9EE5-4AF9-AB74-B0501510A26D}.Release|Any CPU.ActiveCfg = Release|Any CPU
		{80944E42-9EE5-4AF9-AB74-B0501510A26D}.Release|Any CPU.Build.0 = Release|Any CPU
		{4773D035-77F9-4D32-B7A0-7D4DDBF544A7}.Debug|Any CPU.ActiveCfg = Debug|Any CPU
		{4773D035-77F9-4D32-B7A0-7D4DDBF544A7}.Debug|Any CPU.Build.0 = Debug|Any CPU
		{4773D035-77F9-4D32-B7A0-7D4DDBF544A7}.Release|Any CPU.ActiveCfg = Release|Any CPU
		{4773D035-77F9-4D32-B7A0-7D4DDBF544A7}.Release|Any CPU.Build.0 = Release|Any CPU
		{A7BAC22A-E37E-4BDE-9459-C71EA29BC60C}.Debug|Any CPU.ActiveCfg = Debug|Any CPU
		{A7BAC22A-E37E-4BDE-9459-C71EA29BC60C}.Debug|Any CPU.Build.0 = Debug|Any CPU
		{A7BAC22A-E37E-4BDE-9459-C71EA29BC60C}.Release|Any CPU.ActiveCfg = Release|Any CPU
		{A7BAC22A-E37E-4BDE-9459-C71EA29BC60C}.Release|Any CPU.Build.0 = Release|Any CPU
		{97F5FA7B-BBB0-494C-AB01-9666CFB2A24A}.Debug|Any CPU.ActiveCfg = Debug|Any CPU
		{97F5FA7B-BBB0-494C-AB01-9666CFB2A24A}.Debug|Any CPU.Build.0 = Debug|Any CPU
		{97F5FA7B-BBB0-494C-AB01-9666CFB2A24A}.Release|Any CPU.ActiveCfg = Release|Any CPU
		{97F5FA7B-BBB0-494C-AB01-9666CFB2A24A}.Release|Any CPU.Build.0 = Release|Any CPU
		{92EDB147-B83F-47D6-A438-098C03D7F416}.Debug|Any CPU.ActiveCfg = Debug|Any CPU
		{92EDB147-B83F-47D6-A438-098C03D7F416}.Debug|Any CPU.Build.0 = Debug|Any CPU
		{92EDB147-B83F-47D6-A438-098C03D7F416}.Release|Any CPU.ActiveCfg = Release|Any CPU
		{92EDB147-B83F-47D6-A438-098C03D7F416}.Release|Any CPU.Build.0 = Release|Any CPU
		{71147A77-8B68-435F-BA31-9019EFDF096B}.Debug|Any CPU.ActiveCfg = Debug|Any CPU
		{71147A77-8B68-435F-BA31-9019EFDF096B}.Debug|Any CPU.Build.0 = Debug|Any CPU
		{71147A77-8B68-435F-BA31-9019EFDF096B}.Release|Any CPU.ActiveCfg = Release|Any CPU
		{71147A77-8B68-435F-BA31-9019EFDF096B}.Release|Any CPU.Build.0 = Release|Any CPU
		{13966705-44F8-477E-A6FC-E931EDEDB3E4}.Debug|Any CPU.ActiveCfg = Debug|Any CPU
		{13966705-44F8-477E-A6FC-E931EDEDB3E4}.Debug|Any CPU.Build.0 = Debug|Any CPU
		{13966705-44F8-477E-A6FC-E931EDEDB3E4}.Release|Any CPU.ActiveCfg = Release|Any CPU
		{13966705-44F8-477E-A6FC-E931EDEDB3E4}.Release|Any CPU.Build.0 = Release|Any CPU
		{9ED46403-9559-4D9D-877E-99410872F15B}.Debug|Any CPU.ActiveCfg = Debug|Any CPU
		{9ED46403-9559-4D9D-877E-99410872F15B}.Debug|Any CPU.Build.0 = Debug|Any CPU
		{9ED46403-9559-4D9D-877E-99410872F15B}.Release|Any CPU.ActiveCfg = Release|Any CPU
		{9ED46403-9559-4D9D-877E-99410872F15B}.Release|Any CPU.Build.0 = Release|Any CPU
		{7164BBFB-CCA6-4847-AED0-0614AD2FDF84}.Debug|Any CPU.ActiveCfg = Debug|Any CPU
		{7164BBFB-CCA6-4847-AED0-0614AD2FDF84}.Debug|Any CPU.Build.0 = Debug|Any CPU
		{7164BBFB-CCA6-4847-AED0-0614AD2FDF84}.Release|Any CPU.ActiveCfg = Release|Any CPU
		{7164BBFB-CCA6-4847-AED0-0614AD2FDF84}.Release|Any CPU.Build.0 = Release|Any CPU
		{8E6C5C15-3685-47E2-95B2-A8DFB4853482}.Debug|Any CPU.ActiveCfg = Debug|Any CPU
		{8E6C5C15-3685-47E2-95B2-A8DFB4853482}.Debug|Any CPU.Build.0 = Debug|Any CPU
		{8E6C5C15-3685-47E2-95B2-A8DFB4853482}.Release|Any CPU.ActiveCfg = Release|Any CPU
		{8E6C5C15-3685-47E2-95B2-A8DFB4853482}.Release|Any CPU.Build.0 = Release|Any CPU
		{57DAA73E-9ECC-4434-802A-4DAB9DB5AEB5}.Debug|Any CPU.ActiveCfg = Debug|Any CPU
		{57DAA73E-9ECC-4434-802A-4DAB9DB5AEB5}.Debug|Any CPU.Build.0 = Debug|Any CPU
		{57DAA73E-9ECC-4434-802A-4DAB9DB5AEB5}.Release|Any CPU.ActiveCfg = Release|Any CPU
		{57DAA73E-9ECC-4434-802A-4DAB9DB5AEB5}.Release|Any CPU.Build.0 = Release|Any CPU
		{FA3584F6-791F-4600-B0D4-ADA3FD5F78DE}.Debug|Any CPU.ActiveCfg = Debug|Any CPU
		{FA3584F6-791F-4600-B0D4-ADA3FD5F78DE}.Debug|Any CPU.Build.0 = Debug|Any CPU
		{FA3584F6-791F-4600-B0D4-ADA3FD5F78DE}.Release|Any CPU.ActiveCfg = Release|Any CPU
		{FA3584F6-791F-4600-B0D4-ADA3FD5F78DE}.Release|Any CPU.Build.0 = Release|Any CPU
		{2DC05D51-F3D0-4F42-BFE8-0C96CC663A22}.Debug|Any CPU.ActiveCfg = Debug|Any CPU
		{2DC05D51-F3D0-4F42-BFE8-0C96CC663A22}.Debug|Any CPU.Build.0 = Debug|Any CPU
		{2DC05D51-F3D0-4F42-BFE8-0C96CC663A22}.Release|Any CPU.ActiveCfg = Release|Any CPU
		{2DC05D51-F3D0-4F42-BFE8-0C96CC663A22}.Release|Any CPU.Build.0 = Release|Any CPU
		{3B1BACA0-866F-450B-B28F-1A3C4427E6EA}.Debug|Any CPU.ActiveCfg = Debug|Any CPU
		{3B1BACA0-866F-450B-B28F-1A3C4427E6EA}.Debug|Any CPU.Build.0 = Debug|Any CPU
		{3B1BACA0-866F-450B-B28F-1A3C4427E6EA}.Release|Any CPU.ActiveCfg = Release|Any CPU
		{3B1BACA0-866F-450B-B28F-1A3C4427E6EA}.Release|Any CPU.Build.0 = Release|Any CPU
		{7DED7815-0925-486C-A6BB-8B452F49D7CC}.Debug|Any CPU.ActiveCfg = Debug|Any CPU
		{7DED7815-0925-486C-A6BB-8B452F49D7CC}.Debug|Any CPU.Build.0 = Debug|Any CPU
		{7DED7815-0925-486C-A6BB-8B452F49D7CC}.Release|Any CPU.ActiveCfg = Release|Any CPU
		{7DED7815-0925-486C-A6BB-8B452F49D7CC}.Release|Any CPU.Build.0 = Release|Any CPU
		{1DC2C551-8CA3-41C3-9931-96D2683390E4}.Debug|Any CPU.ActiveCfg = Debug|Any CPU
		{1DC2C551-8CA3-41C3-9931-96D2683390E4}.Debug|Any CPU.Build.0 = Debug|Any CPU
		{1DC2C551-8CA3-41C3-9931-96D2683390E4}.Release|Any CPU.ActiveCfg = Release|Any CPU
		{1DC2C551-8CA3-41C3-9931-96D2683390E4}.Release|Any CPU.Build.0 = Release|Any CPU
		{F16CE4B9-DBBA-4E84-A85D-4B6AC7AD6AF2}.Debug|Any CPU.ActiveCfg = Debug|Any CPU
		{F16CE4B9-DBBA-4E84-A85D-4B6AC7AD6AF2}.Debug|Any CPU.Build.0 = Debug|Any CPU
		{F16CE4B9-DBBA-4E84-A85D-4B6AC7AD6AF2}.Release|Any CPU.ActiveCfg = Release|Any CPU
		{F16CE4B9-DBBA-4E84-A85D-4B6AC7AD6AF2}.Release|Any CPU.Build.0 = Release|Any CPU
		{27AED24E-A132-4D76-A482-8D35F6463708}.Debug|Any CPU.ActiveCfg = Debug|Any CPU
		{27AED24E-A132-4D76-A482-8D35F6463708}.Debug|Any CPU.Build.0 = Debug|Any CPU
		{27AED24E-A132-4D76-A482-8D35F6463708}.Release|Any CPU.ActiveCfg = Release|Any CPU
		{27AED24E-A132-4D76-A482-8D35F6463708}.Release|Any CPU.Build.0 = Release|Any CPU
	EndGlobalSection
	GlobalSection(SolutionProperties) = preSolution
		HideSolutionNode = FALSE
	EndGlobalSection
	GlobalSection(NestedProjects) = preSolution
		{52AC433C-1EB7-402A-A440-B422D50979F8} = {888F6DCF-E532-4F79-8B9F-018053DE222A}
		{D246926A-8BF4-4753-9A6E-1F4E353759C7} = {AEB4D3D9-A058-4690-AA71-D42E8E4B836E}
		{A4346CDE-C7D2-47CE-BB38-B603C26A3267} = {1C14F488-5A77-4A2B-91C3-BE6FC8C442AA}
		{D47F2A73-2279-4555-ADE4-0DF52960E96A} = {A44C926E-880B-4C01-8DB6-C07C5098A3CE}
		{FF41893C-E61A-408E-B92F-0D86F6BEDC33} = {2A8A367A-BCC9-45A0-AE73-CC0B06DBDA3B}
		{32B97D7C-CCC3-410F-A787-EEC214E69F5E} = {13146127-CCDB-4558-92C7-FE6D195A09E1}
		{CCD45533-E4CE-4275-BCD5-B5EE64CAACED} = {AEB4D3D9-A058-4690-AA71-D42E8E4B836E}
		{64337ABC-E3E9-4310-8FA2-D7AB2BB9DEA6} = {1C14F488-5A77-4A2B-91C3-BE6FC8C442AA}
		{182CE1FB-F511-4F95-91F7-6901046D83ED} = {A44C926E-880B-4C01-8DB6-C07C5098A3CE}
		{3625481D-82A5-4965-B0BC-650A7A12A9DA} = {3C2185D6-7499-4B32-916E-A3D93A74265F}
		{958DAED9-745A-40CA-AA9A-D5DFB2E73171} = {3C2185D6-7499-4B32-916E-A3D93A74265F}
		{8240D2AB-273F-4AB9-9F29-445473E36D7F} = {13146127-CCDB-4558-92C7-FE6D195A09E1}
		{F884F0A7-A538-4217-9CBF-8386EEAE7179} = {2A8A367A-BCC9-45A0-AE73-CC0B06DBDA3B}
		{13146127-CCDB-4558-92C7-FE6D195A09E1} = {A4C7D91B-BC3B-46A9-A602-D0F36BD4EF1A}
		{2A8A367A-BCC9-45A0-AE73-CC0B06DBDA3B} = {A4C7D91B-BC3B-46A9-A602-D0F36BD4EF1A}
		{AEB4D3D9-A058-4690-AA71-D42E8E4B836E} = {A4C7D91B-BC3B-46A9-A602-D0F36BD4EF1A}
		{1C14F488-5A77-4A2B-91C3-BE6FC8C442AA} = {A4C7D91B-BC3B-46A9-A602-D0F36BD4EF1A}
		{A44C926E-880B-4C01-8DB6-C07C5098A3CE} = {A4C7D91B-BC3B-46A9-A602-D0F36BD4EF1A}
		{3C2185D6-7499-4B32-916E-A3D93A74265F} = {A4C7D91B-BC3B-46A9-A602-D0F36BD4EF1A}
		{F31846DB-0AC0-45C5-BF14-A6EFA8998CD3} = {33995E2D-0AFD-4574-AB7B-831B7FFEC174}
		{234208B8-C30E-46E0-A5BD-A16FF348D240} = {F31846DB-0AC0-45C5-BF14-A6EFA8998CD3}
		{99A259F3-0AA0-4037-9265-B63AFCD433DA} = {F31846DB-0AC0-45C5-BF14-A6EFA8998CD3}
		{19144108-C72F-4920-BE5A-D7525E71A885} = {234208B8-C30E-46E0-A5BD-A16FF348D240}
		{8E03BAD6-F9F7-4294-A325-47A1BE41B9D1} = {A4C7D91B-BC3B-46A9-A602-D0F36BD4EF1A}
		{FB46815B-53F1-4A4C-A72B-7D0CC1DB941E} = {8E03BAD6-F9F7-4294-A325-47A1BE41B9D1}
		{FA700139-2717-4A90-A78E-EA881B5E9F63} = {A4C7D91B-BC3B-46A9-A602-D0F36BD4EF1A}
		{051C1957-6EFC-4668-8A09-D7199D37A0AE} = {FA700139-2717-4A90-A78E-EA881B5E9F63}
		{E24967F0-5D9F-406A-BC6D-EDB8D929C2FD} = {FA700139-2717-4A90-A78E-EA881B5E9F63}
		{976947D6-5E97-4FF9-8714-62AA32431945} = {A4C7D91B-BC3B-46A9-A602-D0F36BD4EF1A}
		{EC44E232-20B7-44FE-B207-ACAAB1516227} = {976947D6-5E97-4FF9-8714-62AA32431945}
		{A6EEC04A-6B76-483E-A2E5-36A43D7423D8} = {976947D6-5E97-4FF9-8714-62AA32431945}
		{352F791F-7894-4CAC-8668-3E59D3B77896} = {976947D6-5E97-4FF9-8714-62AA32431945}
		{E46141A3-65FE-422D-96AE-B0501F7D3DB8} = {98DF75C6-67D1-476B-B213-E8521B9D682A}
		{7354B321-9823-4992-9486-D768295FF3D7} = {B3BD9D6E-875D-479C-8129-016C851D7F02}
		{47C7A190-E6AB-4B8C-9BF0-B89E1C59FEA1} = {445F1886-8AC4-4BD2-95E2-2500D0A0815F}
		{9CFCDB58-255A-487D-903D-204067E51BAA} = {9543DE73-7C5B-4F3A-8D72-3264BDF88D54}
		{6192F265-6337-4862-A081-F3FF7C09DB81} = {A4C7D91B-BC3B-46A9-A602-D0F36BD4EF1A}
		{4B3C0895-B705-4772-ABE4-D82BCF25EA84} = {6192F265-6337-4862-A081-F3FF7C09DB81}
		{894A264B-BB53-48E8-A157-8E24CB03878A} = {8E03BAD6-F9F7-4294-A325-47A1BE41B9D1}
		{32854709-792F-4FCC-AC69-C58136814178} = {8E03BAD6-F9F7-4294-A325-47A1BE41B9D1}
		{CD0857C9-6982-43A5-9B9A-9E5F6B12EB13} = {8E03BAD6-F9F7-4294-A325-47A1BE41B9D1}
		{785F08A1-A3B3-4F98-A785-BB847E24C2AD} = {976947D6-5E97-4FF9-8714-62AA32431945}
		{4543B19F-71EF-4AAF-8650-ACF5E5CF8D01} = {A4C7D91B-BC3B-46A9-A602-D0F36BD4EF1A}
		{AD30D2A2-DEC0-417F-83AF-BFC426F8D8DC} = {4543B19F-71EF-4AAF-8650-ACF5E5CF8D01}
		{3D42AE4C-E442-404F-AD8B-A4FD482941F3} = {16DC217C-3742-4DF9-96A0-ECB13BE40DEE}
		{80944E42-9EE5-4AF9-AB74-B0501510A26D} = {CC3F3417-4CD7-4828-A290-F2889F0620CA}
		{CD69BB43-75FA-4449-ABDE-D7407B4ABAB6} = {DFF6B2A5-5D2D-4775-90A8-254575F1FC03}
		{4773D035-77F9-4D32-B7A0-7D4DDBF544A7} = {CD69BB43-75FA-4449-ABDE-D7407B4ABAB6}
		{1E5122DE-BA9C-4EB6-9190-4DC7650D7CDE} = {FF84A736-3937-4508-A59C-93958951F65F}
		{A7BAC22A-E37E-4BDE-9459-C71EA29BC60C} = {1E5122DE-BA9C-4EB6-9190-4DC7650D7CDE}
		{90C474C7-70A0-4C31-B00C-53E28582194D} = {F6C79E2A-B47E-4CF7-9627-25FFA792CD29}
		{97F5FA7B-BBB0-494C-AB01-9666CFB2A24A} = {90C474C7-70A0-4C31-B00C-53E28582194D}
		{92EDB147-B83F-47D6-A438-098C03D7F416} = {888F6DCF-E532-4F79-8B9F-018053DE222A}
		{71147A77-8B68-435F-BA31-9019EFDF096B} = {8B0CBF13-5E06-4385-A7A3-77AEF0C1B74B}
		{13966705-44F8-477E-A6FC-E931EDEDB3E4} = {8B0CBF13-5E06-4385-A7A3-77AEF0C1B74B}
		{9ED46403-9559-4D9D-877E-99410872F15B} = {8B0CBF13-5E06-4385-A7A3-77AEF0C1B74B}
		{7164BBFB-CCA6-4847-AED0-0614AD2FDF84} = {8B0CBF13-5E06-4385-A7A3-77AEF0C1B74B}
		{8E6C5C15-3685-47E2-95B2-A8DFB4853482} = {8B0CBF13-5E06-4385-A7A3-77AEF0C1B74B}
		{57DAA73E-9ECC-4434-802A-4DAB9DB5AEB5} = {14E2CBB0-7EFC-4035-AE49-B6916FE9DE90}
		{FA3584F6-791F-4600-B0D4-ADA3FD5F78DE} = {EB11E071-8748-4A9A-AEDA-2C374EED9BF0}
		{3CAB2E49-FB89-4AF4-B753-927B8D023D22} = {8B0CBF13-5E06-4385-A7A3-77AEF0C1B74B}
		{2DC05D51-F3D0-4F42-BFE8-0C96CC663A22} = {3CAB2E49-FB89-4AF4-B753-927B8D023D22}
		{3B1BACA0-866F-450B-B28F-1A3C4427E6EA} = {3CAB2E49-FB89-4AF4-B753-927B8D023D22}
		{7DED7815-0925-486C-A6BB-8B452F49D7CC} = {C9D53F17-D204-4CA8-B04D-3B8AC025EBE8}
		{1DC2C551-8CA3-41C3-9931-96D2683390E4} = {C9D53F17-D204-4CA8-B04D-3B8AC025EBE8}
		{F16CE4B9-DBBA-4E84-A85D-4B6AC7AD6AF2} = {C9D53F17-D204-4CA8-B04D-3B8AC025EBE8}
		{27AED24E-A132-4D76-A482-8D35F6463708} = {C9D53F17-D204-4CA8-B04D-3B8AC025EBE8}
	EndGlobalSection
	GlobalSection(ExtensibilityGlobals) = postSolution
		SolutionGuid = {4EF96DB9-5218-4971-B3B4-CF7D9D0ADB05}
	EndGlobalSection
EndGlobal
