
Microsoft Visual Studio Solution File, Format Version 12.00
# Visual Studio Version 16
VisualStudioVersion = 16.0.30002.166
MinimumVisualStudioVersion = 10.0.40219.1
Project("{FAE04EC0-301F-11D3-BF4B-00C04F79EFBC}") = "WpfApp1", "WpfApp1.csproj", "{FD1A2D97-55D6-4E73-8CD8-7BB1EE86E977}"
EndProject
Global
	GlobalSection(SolutionConfigurationPlatforms) = preSolution
		Debug|Any CPU = Debug|Any CPU
		Release|Any CPU = Release|Any CPU
	EndGlobalSection
	GlobalSection(ProjectConfigurationPlatforms) = postSolution
		{FD1A2D97-55D6-4E73-8CD8-7BB1EE86E977}.Debug|Any CPU.ActiveCfg = Debug|Any CPU
		{FD1A2D97-55D6-4E73-8CD8-7BB1EE86E977}.Debug|Any CPU.Build.0 = Debug|Any CPU
		{FD1A2D97-55D6-4E73-8CD8-7BB1EE86E977}.Release|Any CPU.ActiveCfg = Release|Any CPU
		{FD1A2D97-55D6-4E73-8CD8-7BB1EE86E977}.Release|Any CPU.Build.0 = Release|Any CPU
	EndGlobalSection
	GlobalSection(SolutionProperties) = preSolution
		HideSolutionNode = FALSE
	EndGlobalSection
	GlobalSection(ExtensibilityGlobals) = postSolution
		SolutionGuid = {3BD0861D-A443-4810-9B0E-6A25572D4FDD}
	EndGlobalSection
EndGlobal
