
Microsoft Visual Studio Solution File, Format Version 12.00
# Visual Studio Version 16
VisualStudioVersion = 16.0.29926.136
MinimumVisualStudioVersion = 15.0.26124.0
Project("{9A19103F-16F7-4668-BE54-9A1E7A4F7556}") = "XUnitTestProject", "XUnitTestProject\XUnitTestProject.csproj", "{91FD72D9-C034-4490-9406-96619DABC060}"
EndProject
Project("{9A19103F-16F7-4668-BE54-9A1E7A4F7556}") = "testApi", "testApi\testApi.csproj", "{45A712CA-C016-4BEA-AE15-FC8B9007E1E9}"
EndProject
Project("{FAE04EC0-301F-11D3-BF4B-00C04F79EFBC}") = "XUnitTestCS", "XUnitTestCS\XUnitTestCS.csproj", "{8A77C551-452D-422D-AAE8-A338AA218198}"
EndProject
Global
	GlobalSection(SolutionConfigurationPlatforms) = preSolution
		Debug|Any CPU = Debug|Any CPU
		Debug|x64 = Debug|x64
		Debug|x86 = Debug|x86
		Release|Any CPU = Release|Any CPU
		Release|x64 = Release|x64
		Release|x86 = Release|x86
	EndGlobalSection
	GlobalSection(ProjectConfigurationPlatforms) = postSolution
		{91FD72D9-C034-4490-9406-96619DABC060}.Debug|Any CPU.ActiveCfg = Debug|Any CPU
		{91FD72D9-C034-4490-9406-96619DABC060}.Debug|Any CPU.Build.0 = Debug|Any CPU
		{91FD72D9-C034-4490-9406-96619DABC060}.Debug|x64.ActiveCfg = Debug|Any CPU
		{91FD72D9-C034-4490-9406-96619DABC060}.Debug|x64.Build.0 = Debug|Any CPU
		{91FD72D9-C034-4490-9406-96619DABC060}.Debug|x86.ActiveCfg = Debug|Any CPU
		{91FD72D9-C034-4490-9406-96619DABC060}.Debug|x86.Build.0 = Debug|Any CPU
		{91FD72D9-C034-4490-9406-96619DABC060}.Release|Any CPU.ActiveCfg = Release|Any CPU
		{91FD72D9-C034-4490-9406-96619DABC060}.Release|Any CPU.Build.0 = Release|Any CPU
		{91FD72D9-C034-4490-9406-96619DABC060}.Release|x64.ActiveCfg = Release|Any CPU
		{91FD72D9-C034-4490-9406-96619DABC060}.Release|x64.Build.0 = Release|Any CPU
		{91FD72D9-C034-4490-9406-96619DABC060}.Release|x86.ActiveCfg = Release|Any CPU
		{91FD72D9-C034-4490-9406-96619DABC060}.Release|x86.Build.0 = Release|Any CPU
		{45A712CA-C016-4BEA-AE15-FC8B9007E1E9}.Debug|Any CPU.ActiveCfg = Debug|Any CPU
		{45A712CA-C016-4BEA-AE15-FC8B9007E1E9}.Debug|Any CPU.Build.0 = Debug|Any CPU
		{45A712CA-C016-4BEA-AE15-FC8B9007E1E9}.Debug|x64.ActiveCfg = Debug|Any CPU
		{45A712CA-C016-4BEA-AE15-FC8B9007E1E9}.Debug|x64.Build.0 = Debug|Any CPU
		{45A712CA-C016-4BEA-AE15-FC8B9007E1E9}.Debug|x86.ActiveCfg = Debug|Any CPU
		{45A712CA-C016-4BEA-AE15-FC8B9007E1E9}.Debug|x86.Build.0 = Debug|Any CPU
		{45A712CA-C016-4BEA-AE15-FC8B9007E1E9}.Release|Any CPU.ActiveCfg = Release|Any CPU
		{45A712CA-C016-4BEA-AE15-FC8B9007E1E9}.Release|Any CPU.Build.0 = Release|Any CPU
		{45A712CA-C016-4BEA-AE15-FC8B9007E1E9}.Release|x64.ActiveCfg = Release|Any CPU
		{45A712CA-C016-4BEA-AE15-FC8B9007E1E9}.Release|x64.Build.0 = Release|Any CPU
		{45A712CA-C016-4BEA-AE15-FC8B9007E1E9}.Release|x86.ActiveCfg = Release|Any CPU
		{45A712CA-C016-4BEA-AE15-FC8B9007E1E9}.Release|x86.Build.0 = Release|Any CPU
		{8A77C551-452D-422D-AAE8-A338AA218198}.Debug|Any CPU.ActiveCfg = Debug|Any CPU
		{8A77C551-452D-422D-AAE8-A338AA218198}.Debug|Any CPU.Build.0 = Debug|Any CPU
		{8A77C551-452D-422D-AAE8-A338AA218198}.Debug|x64.ActiveCfg = Debug|Any CPU
		{8A77C551-452D-422D-AAE8-A338AA218198}.Debug|x64.Build.0 = Debug|Any CPU
		{8A77C551-452D-422D-AAE8-A338AA218198}.Debug|x86.ActiveCfg = Debug|Any CPU
		{8A77C551-452D-422D-AAE8-A338AA218198}.Debug|x86.Build.0 = Debug|Any CPU
		{8A77C551-452D-422D-AAE8-A338AA218198}.Release|Any CPU.ActiveCfg = Release|Any CPU
		{8A77C551-452D-422D-AAE8-A338AA218198}.Release|Any CPU.Build.0 = Release|Any CPU
		{8A77C551-452D-422D-AAE8-A338AA218198}.Release|x64.ActiveCfg = Release|Any CPU
		{8A77C551-452D-422D-AAE8-A338AA218198}.Release|x64.Build.0 = Release|Any CPU
		{8A77C551-452D-422D-AAE8-A338AA218198}.Release|x86.ActiveCfg = Release|Any CPU
		{8A77C551-452D-422D-AAE8-A338AA218198}.Release|x86.Build.0 = Release|Any CPU
	EndGlobalSection
	GlobalSection(SolutionProperties) = preSolution
		HideSolutionNode = FALSE
	EndGlobalSection
	GlobalSection(ExtensibilityGlobals) = postSolution
		SolutionGuid = {4A600CE2-D6CA-42FE-8D67-56A81AD39152}
	EndGlobalSection
EndGlobal
