
Microsoft Visual Studio Solution File, Format Version 12.00
# Visual Studio Version 16
VisualStudioVersion = 16.0.30611.23
MinimumVisualStudioVersion = 10.0.40219.1
Project("{FAE04EC0-301F-11D3-BF4B-00C04F79EFBC}") = "quartz.api", "quartz.api.csproj", "{55F014BC-3EA9-48C7-97FF-4C2E0BC2125C}"
EndProject
Global
	GlobalSection(SolutionConfigurationPlatforms) = preSolution
		Debug|Any CPU = Debug|Any CPU
		Release|Any CPU = Release|Any CPU
	EndGlobalSection
	GlobalSection(ProjectConfigurationPlatforms) = postSolution
		{55F014BC-3EA9-48C7-97FF-4C2E0BC2125C}.Debug|Any CPU.ActiveCfg = Debug|Any CPU
		{55F014BC-3EA9-48C7-97FF-4C2E0BC2125C}.Debug|Any CPU.Build.0 = Debug|Any CPU
		{55F014BC-3EA9-48C7-97FF-4C2E0BC2125C}.Release|Any CPU.ActiveCfg = Release|Any CPU
		{55F014BC-3EA9-48C7-97FF-4C2E0BC2125C}.Release|Any CPU.Build.0 = Release|Any CPU
	EndGlobalSection
	GlobalSection(SolutionProperties) = preSolution
		HideSolutionNode = FALSE
	EndGlobalSection
	GlobalSection(ExtensibilityGlobals) = postSolution
		SolutionGuid = {BBADC08F-FA16-4331-80E2-3F3AA4955957}
	EndGlobalSection
EndGlobal
