
Microsoft Visual Studio Solution File, Format Version 12.00
# Visual Studio Version 17
VisualStudioVersion = 17.1.32328.378
MinimumVisualStudioVersion = 10.0.40219.1
Project("{9A19103F-16F7-4668-BE54-9A1E7A4F7556}") = "FileWatcher", "FileWatcher.csproj", "{96F1204B-1038-4A67-ACF7-73EB86A6C48C}"
EndProject
Global
	GlobalSection(SolutionConfigurationPlatforms) = preSolution
		Debug|Any CPU = Debug|Any CPU
		Release|Any CPU = Release|Any CPU
	EndGlobalSection
	GlobalSection(ProjectConfigurationPlatforms) = postSolution
		{96F1204B-1038-4A67-ACF7-73EB86A6C48C}.Debug|Any CPU.ActiveCfg = Debug|Any CPU
		{96F1204B-1038-4A67-ACF7-73EB86A6C48C}.Debug|Any CPU.Build.0 = Debug|Any CPU
		{96F1204B-1038-4A67-ACF7-73EB86A6C48C}.Release|Any CPU.ActiveCfg = Release|Any CPU
		{96F1204B-1038-4A67-ACF7-73EB86A6C48C}.Release|Any CPU.Build.0 = Release|Any CPU
	EndGlobalSection
	GlobalSection(SolutionProperties) = preSolution
		HideSolutionNode = FALSE
	EndGlobalSection
	GlobalSection(ExtensibilityGlobals) = postSolution
		SolutionGuid = {C93DC93A-A6FD-4667-AF0E-41E12556A788}
	EndGlobalSection
EndGlobal
