
Microsoft Visual Studio Solution File, Format Version 12.00
# Visual Studio Version 16
VisualStudioVersion = 16.0.30002.166
MinimumVisualStudioVersion = 10.0.40219.1
Project("{9A19103F-16F7-4668-BE54-9A1E7A4F7556}") = "FileMonitor", "FileMonitor.csproj", "{9FD61D0F-907B-471D-8C9D-32D1BEAFF487}"
EndProject
Global
	GlobalSection(SolutionConfigurationPlatforms) = preSolution
		Debug|Any CPU = Debug|Any CPU
		Release|Any CPU = Release|Any CPU
	EndGlobalSection
	GlobalSection(ProjectConfigurationPlatforms) = postSolution
		{9FD61D0F-907B-471D-8C9D-32D1BEAFF487}.Debug|Any CPU.ActiveCfg = Debug|Any CPU
		{9FD61D0F-907B-471D-8C9D-32D1BEAFF487}.Debug|Any CPU.Build.0 = Debug|Any CPU
		{9FD61D0F-907B-471D-8C9D-32D1BEAFF487}.Release|Any CPU.ActiveCfg = Release|Any CPU
		{9FD61D0F-907B-471D-8C9D-32D1BEAFF487}.Release|Any CPU.Build.0 = Release|Any CPU
	EndGlobalSection
	GlobalSection(SolutionProperties) = preSolution
		HideSolutionNode = FALSE
	EndGlobalSection
	GlobalSection(ExtensibilityGlobals) = postSolution
		SolutionGuid = {48BEC6C5-644D-486C-84B3-C65D9FF95B90}
	EndGlobalSection
EndGlobal
